// !$*UTF8*$!
{
	archiveVersion = 1;
	classes = {
	};
	objectVersion = 71;
	objects = {

/* Begin PBXBuildFile section */
		65317F312FB58F3A00E8C9E3 /* WorkspaceRootViewModel.swift in Sources */ = {isa = PBXBuildFile; fileRef = 65317F302FB58F3A00E8C9E3 /* WorkspaceRootViewModel.swift */; };
		65317F322FB58F3A00E8C9E3 /* WorkspaceRootViewModel.swift in Sources */ = {isa = PBXBuildFile; fileRef = 65317F302FB58F3A00E8C9E3 /* WorkspaceRootViewModel.swift */; };
		65317F342FB5924F00E8C9E3 /* WorkspaceTabBarView.swift in Sources */ = {isa = PBXBuildFile; fileRef = 65317F332FB5924F00E8C9E3 /* WorkspaceTabBarView.swift */; };
		65317F352FB5924F00E8C9E3 /* WorkspaceTabBarView.swift in Sources */ = {isa = PBXBuildFile; fileRef = 65317F332FB5924F00E8C9E3 /* WorkspaceTabBarView.swift */; };
		65317F372FB5925000E8C9E3 /* WorkspaceSidebarView.swift in Sources */ = {isa = PBXBuildFile; fileRef = 65317F362FB5925000E8C9E3 /* WorkspaceSidebarView.swift */; };
		65317F382FB5925000E8C9E3 /* WorkspaceSidebarView.swift in Sources */ = {isa = PBXBuildFile; fileRef = 65317F362FB5925000E8C9E3 /* WorkspaceSidebarView.swift */; };
		65317F3A2FB5926400E8C9E3 /* WorkspaceDetailAreaView.swift in Sources */ = {isa = PBXBuildFile; fileRef = 65317F392FB5926400E8C9E3 /* WorkspaceDetailAreaView.swift */; };
		65317F3B2FB5926400E8C9E3 /* WorkspaceDetailAreaView.swift in Sources */ = {isa = PBXBuildFile; fileRef = 65317F392FB5926400E8C9E3 /* WorkspaceDetailAreaView.swift */; };
		65317F3D2FB5926500E8C9E3 /* WorkspaceTrackingDetailView.swift in Sources */ = {isa = PBXBuildFile; fileRef = 65317F3C2FB5926500E8C9E3 /* WorkspaceTrackingDetailView.swift */; };
		65317F3E2FB5926500E8C9E3 /* WorkspaceTrackingDetailView.swift in Sources */ = {isa = PBXBuildFile; fileRef = 65317F3C2FB5926500E8C9E3 /* WorkspaceTrackingDetailView.swift */; };
		65317F482FB5938500E8C9E3 /* ProjectDetailLogicTests.swift in Sources */ = {isa = PBXBuildFile; fileRef = 65317F472FB5938500E8C9E3 /* ProjectDetailLogicTests.swift */; };
		65317F622FB59AAA00E8C9E3 /* PreviewSampleData.swift in Sources */ = {isa = PBXBuildFile; fileRef = 65317F612FB59AAA00E8C9E3 /* PreviewSampleData.swift */; };
		65317F632FB59AAA00E8C9E3 /* PreviewSampleData.swift in Sources */ = {isa = PBXBuildFile; fileRef = 65317F612FB59AAA00E8C9E3 /* PreviewSampleData.swift */; };
		65317F9A2FB5F1B000E8C9E3 /* ManualSessionLogicTests.swift in Sources */ = {isa = PBXBuildFile; fileRef = 65317F992FB5F1B000E8C9E3 /* ManualSessionLogicTests.swift */; };
		653180382FB5F1DD00E8C9E3 /* ProjectDetailViewModel.swift in Sources */ = {isa = PBXBuildFile; fileRef = 653180372FB5F1DD00E8C9E3 /* ProjectDetailViewModel.swift */; };
		653180392FB5F1DD00E8C9E3 /* ProjectDetailViewModel.swift in Sources */ = {isa = PBXBuildFile; fileRef = 653180372FB5F1DD00E8C9E3 /* ProjectDetailViewModel.swift */; };
		65BE5A182FB5FCC300052284 /* ProjectDetailHeaderCard.swift in Sources */ = {isa = PBXBuildFile; fileRef = 65BE5A172FB5FCC300052284 /* ProjectDetailHeaderCard.swift */; };
		65BE5A192FB5FCC300052284 /* ProjectDetailHeaderCard.swift in Sources */ = {isa = PBXBuildFile; fileRef = 65BE5A172FB5FCC300052284 /* ProjectDetailHeaderCard.swift */; };
		65BE5A1B2FB5FCCD00052284 /* ProjectDetailSummaryRow.swift in Sources */ = {isa = PBXBuildFile; fileRef = 65BE5A1A2FB5FCCD00052284 /* ProjectDetailSummaryRow.swift */; };
		65BE5A1C2FB5FCCD00052284 /* ProjectDetailSummaryRow.swift in Sources */ = {isa = PBXBuildFile; fileRef = 65BE5A1A2FB5FCCD00052284 /* ProjectDetailSummaryRow.swift */; };
		65BE5A1E2FB5FCE300052284 /* ProjectDetailBillingCard.swift in Sources */ = {isa = PBXBuildFile; fileRef = 65BE5A1D2FB5FCE300052284 /* ProjectDetailBillingCard.swift */; };
		65BE5A1F2FB5FCE300052284 /* ProjectDetailBillingCard.swift in Sources */ = {isa = PBXBuildFile; fileRef = 65BE5A1D2FB5FCE300052284 /* ProjectDetailBillingCard.swift */; };
		65BE5A212FB5FCFE00052284 /* ProjectDetailTasksCard.swift in Sources */ = {isa = PBXBuildFile; fileRef = 65BE5A202FB5FCFE00052284 /* ProjectDetailTasksCard.swift */; };
		65BE5A222FB5FCFE00052284 /* ProjectDetailTasksCard.swift in Sources */ = {isa = PBXBuildFile; fileRef = 65BE5A202FB5FCFE00052284 /* ProjectDetailTasksCard.swift */; };
		65BE5A242FB5FD0B00052284 /* ProjectDetailSessionsCard.swift in Sources */ = {isa = PBXBuildFile; fileRef = 65BE5A232FB5FD0B00052284 /* ProjectDetailSessionsCard.swift */; };
		65BE5A252FB5FD0B00052284 /* ProjectDetailSessionsCard.swift in Sources */ = {isa = PBXBuildFile; fileRef = 65BE5A232FB5FD0B00052284 /* ProjectDetailSessionsCard.swift */; };
		65BE5A272FB5FD2B00052284 /* ProjectDetailBudgetSheet.swift in Sources */ = {isa = PBXBuildFile; fileRef = 65BE5A262FB5FD2B00052284 /* ProjectDetailBudgetSheet.swift */; };
		65BE5A282FB5FD2B00052284 /* ProjectDetailBudgetSheet.swift in Sources */ = {isa = PBXBuildFile; fileRef = 65BE5A262FB5FD2B00052284 /* ProjectDetailBudgetSheet.swift */; };
		65BE5A2A2FB5FD3800052284 /* ProjectDetailExportSheet.swift in Sources */ = {isa = PBXBuildFile; fileRef = 65BE5A292FB5FD3800052284 /* ProjectDetailExportSheet.swift */; };
		65BE5A2B2FB5FD3800052284 /* ProjectDetailExportSheet.swift in Sources */ = {isa = PBXBuildFile; fileRef = 65BE5A292FB5FD3800052284 /* ProjectDetailExportSheet.swift */; };
		65BE5A2D2FB5FD6600052284 /* ProjectDetailHeaderCardTests.swift in Sources */ = {isa = PBXBuildFile; fileRef = 65BE5A2C2FB5FD6600052284 /* ProjectDetailHeaderCardTests.swift */; };
		65BE5A2F2FB5FD6F00052284 /* ProjectDetailSummaryRowTests.swift in Sources */ = {isa = PBXBuildFile; fileRef = 65BE5A2E2FB5FD6F00052284 /* ProjectDetailSummaryRowTests.swift */; };
		65BE5A312FB5FD7700052284 /* ProjectDetailTasksCardTests.swift in Sources */ = {isa = PBXBuildFile; fileRef = 65BE5A302FB5FD7700052284 /* ProjectDetailTasksCardTests.swift */; };
		65BE5A332FB5FD7E00052284 /* ProjectDetailBudgetSheetTests.swift in Sources */ = {isa = PBXBuildFile; fileRef = 65BE5A322FB5FD7E00052284 /* ProjectDetailBudgetSheetTests.swift */; };
		65BE5A352FB5FD8500052284 /* ProjectDetailSessionsCardTests.swift in Sources */ = {isa = PBXBuildFile; fileRef = 65BE5A342FB5FD8500052284 /* ProjectDetailSessionsCardTests.swift */; };
		65BE5A372FB5FD8E00052284 /* ProjectDetailExportSheetTests.swift in Sources */ = {isa = PBXBuildFile; fileRef = 65BE5A362FB5FD8E00052284 /* ProjectDetailExportSheetTests.swift */; };
		65F0C9E12FC95A6B0099A001 /* ViewPreviewCoverageTests.swift in Sources */ = {isa = PBXBuildFile; fileRef = 65F0C9E22FC95A6B0099A001 /* ViewPreviewCoverageTests.swift */; };
		65E888E92FB2610A007E10CE /* WorkspaceSection.swift in Sources */ = {isa = PBXBuildFile; fileRef = 65E888E82FB2610A007E10CE /* WorkspaceSection.swift */; };
		65E888EA2FB2610A007E10CE /* WorkspaceSection.swift in Sources */ = {isa = PBXBuildFile; fileRef = 65E888E82FB2610A007E10CE /* WorkspaceSection.swift */; };
		65E888EC2FB2610A007E10CE /* WorkspaceRootLayoutRules.swift in Sources */ = {isa = PBXBuildFile; fileRef = 65E888EB2FB2610A007E10CE /* WorkspaceRootLayoutRules.swift */; };
		65E888ED2FB2610A007E10CE /* WorkspaceRootLayoutRules.swift in Sources */ = {isa = PBXBuildFile; fileRef = 65E888EB2FB2610A007E10CE /* WorkspaceRootLayoutRules.swift */; };
		65E888EF2FB2610B007E10CE /* WorkspaceTabButton.swift in Sources */ = {isa = PBXBuildFile; fileRef = 65E888EE2FB2610B007E10CE /* WorkspaceTabButton.swift */; };
		65E888F02FB2610B007E10CE /* WorkspaceTabButton.swift in Sources */ = {isa = PBXBuildFile; fileRef = 65E888EE2FB2610B007E10CE /* WorkspaceTabButton.swift */; };
		65E888F22FB2610B007E10CE /* ClientGroup.swift in Sources */ = {isa = PBXBuildFile; fileRef = 65E888F12FB2610B007E10CE /* ClientGroup.swift */; };
		65E888F32FB2610B007E10CE /* ClientGroup.swift in Sources */ = {isa = PBXBuildFile; fileRef = 65E888F12FB2610B007E10CE /* ClientGroup.swift */; };
		65E888F52FB26121007E10CE /* SessionEditor.swift in Sources */ = {isa = PBXBuildFile; fileRef = 65E888F42FB26121007E10CE /* SessionEditor.swift */; };
		65E888F62FB26121007E10CE /* SessionEditor.swift in Sources */ = {isa = PBXBuildFile; fileRef = 65E888F42FB26121007E10CE /* SessionEditor.swift */; };
		65E888F82FB26121007E10CE /* ClientSectionHeader.swift in Sources */ = {isa = PBXBuildFile; fileRef = 65E888F72FB26121007E10CE /* ClientSectionHeader.swift */; };
		65E888F92FB26121007E10CE /* ClientSectionHeader.swift in Sources */ = {isa = PBXBuildFile; fileRef = 65E888F72FB26121007E10CE /* ClientSectionHeader.swift */; };
		65E888FB2FB26121007E10CE /* ProjectSidebarRow.swift in Sources */ = {isa = PBXBuildFile; fileRef = 65E888FA2FB26121007E10CE /* ProjectSidebarRow.swift */; };
		65E888FC2FB26121007E10CE /* ProjectSidebarRow.swift in Sources */ = {isa = PBXBuildFile; fileRef = 65E888FA2FB26121007E10CE /* ProjectSidebarRow.swift */; };
		65E888FE2FB26122007E10CE /* ActiveSidebarCard.swift in Sources */ = {isa = PBXBuildFile; fileRef = 65E888FD2FB26122007E10CE /* ActiveSidebarCard.swift */; };
		65E888FF2FB26122007E10CE /* ActiveSidebarCard.swift in Sources */ = {isa = PBXBuildFile; fileRef = 65E888FD2FB26122007E10CE /* ActiveSidebarCard.swift */; };
		65E889012FB26131007E10CE /* EmptyStateView.swift in Sources */ = {isa = PBXBuildFile; fileRef = 65E889002FB26131007E10CE /* EmptyStateView.swift */; };
		65E889022FB26131007E10CE /* EmptyStateView.swift in Sources */ = {isa = PBXBuildFile; fileRef = 65E889002FB26131007E10CE /* EmptyStateView.swift */; };
		A00000000000000000000001 /* TimeTrackerApp.swift in Sources */ = {isa = PBXBuildFile; fileRef = B00000000000000000000001 /* TimeTrackerApp.swift */; };
		A00000000000000000000006 /* ContentView.swift in Sources */ = {isa = PBXBuildFile; fileRef = B00000000000000000000006 /* ContentView.swift */; };
		A00000000000000000000007 /* ProjectDetailView.swift in Sources */ = {isa = PBXBuildFile; fileRef = B00000000000000000000007 /* ProjectDetailView.swift */; };
		A00000000000000000000008 /* NewProjectSheet.swift in Sources */ = {isa = PBXBuildFile; fileRef = B00000000000000000000008 /* NewProjectSheet.swift */; };
		A00000000000000000000009 /* Assets.xcassets in Resources */ = {isa = PBXBuildFile; fileRef = B00000000000000000000009 /* Assets.xcassets */; };
		A0000000000000000000000A /* ManualSessionSheet.swift in Sources */ = {isa = PBXBuildFile; fileRef = B0000000000000000000000B /* ManualSessionSheet.swift */; };
		A0000000000000000000000B /* MenuBarTrackingView.swift in Sources */ = {isa = PBXBuildFile; fileRef = B0000000000000000000000C /* MenuBarTrackingView.swift */; };
		A00000000000000000000011 /* TrackingManagerTests.swift in Sources */ = {isa = PBXBuildFile; fileRef = B00000000000000000000011 /* TrackingManagerTests.swift */; };
		A00000000000000000000012 /* ModelAndFormattingTests.swift in Sources */ = {isa = PBXBuildFile; fileRef = B00000000000000000000012 /* ModelAndFormattingTests.swift */; };
		A00000000000000000000013 /* TestSupport.swift in Sources */ = {isa = PBXBuildFile; fileRef = B00000000000000000000013 /* TestSupport.swift */; };
		A00000000000000000000015 /* ProjectExportService.swift in Sources */ = {isa = PBXBuildFile; fileRef = B00000000000000000000015 /* ProjectExportService.swift */; };
		A00000000000000000000017 /* WorkspaceAnalyticsView.swift in Sources */ = {isa = PBXBuildFile; fileRef = B00000000000000000000017 /* WorkspaceAnalyticsView.swift */; };
		A00000000000000000000018 /* ProjectDetailView+Logic.swift in Sources */ = {isa = PBXBuildFile; fileRef = B00000000000000000000018 /* ProjectDetailView+Logic.swift */; };
		A00000000000000000000019 /* ProjectDetailComponents.swift in Sources */ = {isa = PBXBuildFile; fileRef = B00000000000000000000019 /* ProjectDetailComponents.swift */; };
		A0000000000000000000001A /* MacRedesignedRootView.swift in Sources */ = {isa = PBXBuildFile; fileRef = B0000000000000000000001A /* MacRedesignedRootView.swift */; };
		C20000000000000000000001 /* ClientProject.swift in Sources */ = {isa = PBXBuildFile; fileRef = C10000000000000000000001 /* ClientProject.swift */; };
		C20000000000000000000002 /* ProjectTask.swift in Sources */ = {isa = PBXBuildFile; fileRef = C10000000000000000000002 /* ProjectTask.swift */; };
		C20000000000000000000003 /* WorkSession.swift in Sources */ = {isa = PBXBuildFile; fileRef = C10000000000000000000003 /* WorkSession.swift */; };
		C20000000000000000000004 /* TrackingManager.swift in Sources */ = {isa = PBXBuildFile; fileRef = C10000000000000000000004 /* TrackingManager.swift */; };
		C20000000000000000000005 /* TrackingStatusStore.swift in Sources */ = {isa = PBXBuildFile; fileRef = C10000000000000000000005 /* TrackingStatusStore.swift */; };
		C20000000000000000000006 /* TimeFormatting.swift in Sources */ = {isa = PBXBuildFile; fileRef = C10000000000000000000006 /* TimeFormatting.swift */; };
		C20000000000000000000007 /* TimeTrackerSchema.swift in Sources */ = {isa = PBXBuildFile; fileRef = C10000000000000000000007 /* TimeTrackerSchema.swift */; };
		C20000000000000000000008 /* PlatformSummaryCard.swift in Sources */ = {isa = PBXBuildFile; fileRef = C10000000000000000000008 /* PlatformSummaryCard.swift */; };
		C20000000000000000000009 /* ProjectExportFileNaming.swift in Sources */ = {isa = PBXBuildFile; fileRef = C10000000000000000000009 /* ProjectExportFileNaming.swift */; };
		C20000000000000000000020 /* Tokens.swift in Sources */ = {isa = PBXBuildFile; fileRef = C10000000000000000000020 /* Tokens.swift */; };
		C20000000000000000000021 /* GlassCard.swift in Sources */ = {isa = PBXBuildFile; fileRef = C10000000000000000000021 /* GlassCard.swift */; };
		C20000000000000000000022 /* PillButton.swift in Sources */ = {isa = PBXBuildFile; fileRef = C10000000000000000000022 /* PillButton.swift */; };
		C20000000000000000000023 /* ProjectColor.swift in Sources */ = {isa = PBXBuildFile; fileRef = C10000000000000000000023 /* ProjectColor.swift */; };
		C20000000000000000000024 /* AppearanceSettings.swift in Sources */ = {isa = PBXBuildFile; fileRef = C10000000000000000000024 /* AppearanceSettings.swift */; };
		C20000000000000000000030 /* PulseDot.swift in Sources */ = {isa = PBXBuildFile; fileRef = C10000000000000000000030 /* PulseDot.swift */; };
		C20000000000000000000031 /* SectionCard.swift in Sources */ = {isa = PBXBuildFile; fileRef = C10000000000000000000031 /* SectionCard.swift */; };
		C20000000000000000000032 /* StatTile.swift in Sources */ = {isa = PBXBuildFile; fileRef = C10000000000000000000032 /* StatTile.swift */; };
		C20000000000000000000033 /* SyncBanner.swift in Sources */ = {isa = PBXBuildFile; fileRef = C10000000000000000000033 /* SyncBanner.swift */; };
		C20000000000000000000034 /* TimerHero.swift in Sources */ = {isa = PBXBuildFile; fileRef = C10000000000000000000034 /* TimerHero.swift */; };
		C20000000000000000000035 /* TaskRow.swift in Sources */ = {isa = PBXBuildFile; fileRef = C10000000000000000000035 /* TaskRow.swift */; };
		C20000000000000000000036 /* EntryRow.swift in Sources */ = {isa = PBXBuildFile; fileRef = C10000000000000000000036 /* EntryRow.swift */; };
		C20000000000000000000037 /* ProjectBar.swift in Sources */ = {isa = PBXBuildFile; fileRef = C10000000000000000000037 /* ProjectBar.swift */; };
		C20000000000000000000038 /* WeekBars.swift in Sources */ = {isa = PBXBuildFile; fileRef = C10000000000000000000038 /* WeekBars.swift */; };
		C20000000000000000000039 /* DayProfile.swift in Sources */ = {isa = PBXBuildFile; fileRef = C10000000000000000000039 /* DayProfile.swift */; };
		C2000000000000000000003A /* ClientSwitcher.swift in Sources */ = {isa = PBXBuildFile; fileRef = C1000000000000000000003A /* ClientSwitcher.swift */; };
		C2000000000000000000003B /* AnalyticsAggregator.swift in Sources */ = {isa = PBXBuildFile; fileRef = C1000000000000000000003B /* AnalyticsAggregator.swift */; };
		C20000000000000000000040 /* ProjectCreationDraft.swift in Sources */ = {isa = PBXBuildFile; fileRef = C1000000000000000000000A /* ProjectCreationDraft.swift */; };
		C30000000000000000000001 /* ClientProject.swift in Sources */ = {isa = PBXBuildFile; fileRef = C10000000000000000000001 /* ClientProject.swift */; };
		C30000000000000000000002 /* ProjectTask.swift in Sources */ = {isa = PBXBuildFile; fileRef = C10000000000000000000002 /* ProjectTask.swift */; };
		C30000000000000000000003 /* WorkSession.swift in Sources */ = {isa = PBXBuildFile; fileRef = C10000000000000000000003 /* WorkSession.swift */; };
		C30000000000000000000004 /* TrackingManager.swift in Sources */ = {isa = PBXBuildFile; fileRef = C10000000000000000000004 /* TrackingManager.swift */; };
		C30000000000000000000005 /* TrackingStatusStore.swift in Sources */ = {isa = PBXBuildFile; fileRef = C10000000000000000000005 /* TrackingStatusStore.swift */; };
		C30000000000000000000006 /* TimeFormatting.swift in Sources */ = {isa = PBXBuildFile; fileRef = C10000000000000000000006 /* TimeFormatting.swift */; };
		C30000000000000000000007 /* TimeTrackerSchema.swift in Sources */ = {isa = PBXBuildFile; fileRef = C10000000000000000000007 /* TimeTrackerSchema.swift */; };
		C30000000000000000000008 /* PlatformSummaryCard.swift in Sources */ = {isa = PBXBuildFile; fileRef = C10000000000000000000008 /* PlatformSummaryCard.swift */; };
		C30000000000000000000009 /* ProjectExportFileNaming.swift in Sources */ = {isa = PBXBuildFile; fileRef = C10000000000000000000009 /* ProjectExportFileNaming.swift */; };
		C3000000000000000000000A /* ProjectExportService.swift in Sources */ = {isa = PBXBuildFile; fileRef = B00000000000000000000015 /* ProjectExportService.swift */; };
		C3000000000000000000000B /* ContentView.swift in Sources */ = {isa = PBXBuildFile; fileRef = B00000000000000000000006 /* ContentView.swift */; };
		C3000000000000000000000C /* ProjectDetailView.swift in Sources */ = {isa = PBXBuildFile; fileRef = B00000000000000000000007 /* ProjectDetailView.swift */; };
		C3000000000000000000000D /* NewProjectSheet.swift in Sources */ = {isa = PBXBuildFile; fileRef = B00000000000000000000008 /* NewProjectSheet.swift */; };
		C3000000000000000000000E /* ManualSessionSheet.swift in Sources */ = {isa = PBXBuildFile; fileRef = B0000000000000000000000B /* ManualSessionSheet.swift */; };
		C3000000000000000000000F /* WorkspaceAnalyticsView.swift in Sources */ = {isa = PBXBuildFile; fileRef = B00000000000000000000017 /* WorkspaceAnalyticsView.swift */; };
		C30000000000000000000010 /* ProjectDetailView+Logic.swift in Sources */ = {isa = PBXBuildFile; fileRef = B00000000000000000000018 /* ProjectDetailView+Logic.swift */; };
		C30000000000000000000011 /* ProjectDetailComponents.swift in Sources */ = {isa = PBXBuildFile; fileRef = B00000000000000000000019 /* ProjectDetailComponents.swift */; };
		C30000000000000000000020 /* Tokens.swift in Sources */ = {isa = PBXBuildFile; fileRef = C10000000000000000000020 /* Tokens.swift */; };
		C30000000000000000000021 /* GlassCard.swift in Sources */ = {isa = PBXBuildFile; fileRef = C10000000000000000000021 /* GlassCard.swift */; };
		C30000000000000000000022 /* PillButton.swift in Sources */ = {isa = PBXBuildFile; fileRef = C10000000000000000000022 /* PillButton.swift */; };
		C30000000000000000000023 /* ProjectColor.swift in Sources */ = {isa = PBXBuildFile; fileRef = C10000000000000000000023 /* ProjectColor.swift */; };
		C30000000000000000000024 /* AppearanceSettings.swift in Sources */ = {isa = PBXBuildFile; fileRef = C10000000000000000000024 /* AppearanceSettings.swift */; };
		C30000000000000000000030 /* PulseDot.swift in Sources */ = {isa = PBXBuildFile; fileRef = C10000000000000000000030 /* PulseDot.swift */; };
		C30000000000000000000031 /* SectionCard.swift in Sources */ = {isa = PBXBuildFile; fileRef = C10000000000000000000031 /* SectionCard.swift */; };
		C30000000000000000000032 /* StatTile.swift in Sources */ = {isa = PBXBuildFile; fileRef = C10000000000000000000032 /* StatTile.swift */; };
		C30000000000000000000033 /* SyncBanner.swift in Sources */ = {isa = PBXBuildFile; fileRef = C10000000000000000000033 /* SyncBanner.swift */; };
		C30000000000000000000034 /* TimerHero.swift in Sources */ = {isa = PBXBuildFile; fileRef = C10000000000000000000034 /* TimerHero.swift */; };
		C30000000000000000000035 /* TaskRow.swift in Sources */ = {isa = PBXBuildFile; fileRef = C10000000000000000000035 /* TaskRow.swift */; };
		C30000000000000000000036 /* EntryRow.swift in Sources */ = {isa = PBXBuildFile; fileRef = C10000000000000000000036 /* EntryRow.swift */; };
		C30000000000000000000037 /* ProjectBar.swift in Sources */ = {isa = PBXBuildFile; fileRef = C10000000000000000000037 /* ProjectBar.swift */; };
		C30000000000000000000038 /* WeekBars.swift in Sources */ = {isa = PBXBuildFile; fileRef = C10000000000000000000038 /* WeekBars.swift */; };
		C30000000000000000000039 /* DayProfile.swift in Sources */ = {isa = PBXBuildFile; fileRef = C10000000000000000000039 /* DayProfile.swift */; };
		C3000000000000000000003A /* ClientSwitcher.swift in Sources */ = {isa = PBXBuildFile; fileRef = C1000000000000000000003A /* ClientSwitcher.swift */; };
		C3000000000000000000003B /* AnalyticsAggregator.swift in Sources */ = {isa = PBXBuildFile; fileRef = C1000000000000000000003B /* AnalyticsAggregator.swift */; };
		C30000000000000000000040 /* ProjectCreationDraft.swift in Sources */ = {isa = PBXBuildFile; fileRef = C1000000000000000000000A /* ProjectCreationDraft.swift */; };
/* End PBXBuildFile section */

/* Begin PBXContainerItemProxy section */
		658F654D2F8404A10016E346 /* PBXContainerItemProxy */ = {
			isa = PBXContainerItemProxy;
			containerPortal = F00000000000000000000001 /* Project object */;
			proxyType = 1;
			remoteGlobalIDString = 658F653F2F8404A00016E346;
			remoteInfo = TimeTrackeriOS;
		};
		658F65572F8404A10016E346 /* PBXContainerItemProxy */ = {
			isa = PBXContainerItemProxy;
			containerPortal = F00000000000000000000001 /* Project object */;
			proxyType = 1;
			remoteGlobalIDString = 658F653F2F8404A00016E346;
			remoteInfo = TimeTrackeriOS;
		};
		C00000000000000000000010 /* PBXContainerItemProxy */ = {
			isa = PBXContainerItemProxy;
			containerPortal = F00000000000000000000001 /* Project object */;
			proxyType = 1;
			remoteGlobalIDString = E00000000000000000000001;
			remoteInfo = TimeTracker;
		};
/* End PBXContainerItemProxy section */

/* Begin PBXFileReference section */
		65317F302FB58F3A00E8C9E3 /* WorkspaceRootViewModel.swift */ = {isa = PBXFileReference; lastKnownFileType = sourcecode.swift; path = WorkspaceRootViewModel.swift; sourceTree = "<group>"; };
		65317F332FB5924F00E8C9E3 /* WorkspaceTabBarView.swift */ = {isa = PBXFileReference; lastKnownFileType = sourcecode.swift; path = WorkspaceTabBarView.swift; sourceTree = "<group>"; };
		65317F362FB5925000E8C9E3 /* WorkspaceSidebarView.swift */ = {isa = PBXFileReference; lastKnownFileType = sourcecode.swift; path = WorkspaceSidebarView.swift; sourceTree = "<group>"; };
		65317F392FB5926400E8C9E3 /* WorkspaceDetailAreaView.swift */ = {isa = PBXFileReference; lastKnownFileType = sourcecode.swift; path = WorkspaceDetailAreaView.swift; sourceTree = "<group>"; };
		65317F3C2FB5926500E8C9E3 /* WorkspaceTrackingDetailView.swift */ = {isa = PBXFileReference; lastKnownFileType = sourcecode.swift; path = WorkspaceTrackingDetailView.swift; sourceTree = "<group>"; };
		65317F472FB5938500E8C9E3 /* ProjectDetailLogicTests.swift */ = {isa = PBXFileReference; lastKnownFileType = sourcecode.swift; path = ProjectDetailLogicTests.swift; sourceTree = "<group>"; };
		65317F612FB59AAA00E8C9E3 /* PreviewSampleData.swift */ = {isa = PBXFileReference; lastKnownFileType = sourcecode.swift; path = PreviewSampleData.swift; sourceTree = "<group>"; };
		65317F992FB5F1B000E8C9E3 /* ManualSessionLogicTests.swift */ = {isa = PBXFileReference; lastKnownFileType = sourcecode.swift; path = ManualSessionLogicTests.swift; sourceTree = "<group>"; };
		653180372FB5F1DD00E8C9E3 /* ProjectDetailViewModel.swift */ = {isa = PBXFileReference; lastKnownFileType = sourcecode.swift; path = ProjectDetailViewModel.swift; sourceTree = "<group>"; };
		658F65402F8404A00016E346 /* TimeTrackeriOS.app */ = {isa = PBXFileReference; explicitFileType = wrapper.application; includeInIndex = 0; path = TimeTrackeriOS.app; sourceTree = BUILT_PRODUCTS_DIR; };
		658F654C2F8404A10016E346 /* TimeTrackeriOSTests.xctest */ = {isa = PBXFileReference; explicitFileType = wrapper.cfbundle; includeInIndex = 0; path = TimeTrackeriOSTests.xctest; sourceTree = BUILT_PRODUCTS_DIR; };
		658F65562F8404A10016E346 /* TimeTrackeriOSUITests.xctest */ = {isa = PBXFileReference; explicitFileType = wrapper.cfbundle; includeInIndex = 0; path = TimeTrackeriOSUITests.xctest; sourceTree = BUILT_PRODUCTS_DIR; };
		658F65D52F84374C0016E346 /* TimeTrackeriOS.xctestplan */ = {isa = PBXFileReference; lastKnownFileType = text; path = TimeTrackeriOS.xctestplan; sourceTree = "<group>"; };
		65BE5A172FB5FCC300052284 /* ProjectDetailHeaderCard.swift */ = {isa = PBXFileReference; lastKnownFileType = sourcecode.swift; path = ProjectDetailHeaderCard.swift; sourceTree = "<group>"; };
		65BE5A1A2FB5FCCD00052284 /* ProjectDetailSummaryRow.swift */ = {isa = PBXFileReference; lastKnownFileType = sourcecode.swift; path = ProjectDetailSummaryRow.swift; sourceTree = "<group>"; };
		65BE5A1D2FB5FCE300052284 /* ProjectDetailBillingCard.swift */ = {isa = PBXFileReference; lastKnownFileType = sourcecode.swift; path = ProjectDetailBillingCard.swift; sourceTree = "<group>"; };
		65BE5A202FB5FCFE00052284 /* ProjectDetailTasksCard.swift */ = {isa = PBXFileReference; lastKnownFileType = sourcecode.swift; path = ProjectDetailTasksCard.swift; sourceTree = "<group>"; };
		65BE5A232FB5FD0B00052284 /* ProjectDetailSessionsCard.swift */ = {isa = PBXFileReference; lastKnownFileType = sourcecode.swift; path = ProjectDetailSessionsCard.swift; sourceTree = "<group>"; };
		65BE5A262FB5FD2B00052284 /* ProjectDetailBudgetSheet.swift */ = {isa = PBXFileReference; lastKnownFileType = sourcecode.swift; path = ProjectDetailBudgetSheet.swift; sourceTree = "<group>"; };
		65BE5A292FB5FD3800052284 /* ProjectDetailExportSheet.swift */ = {isa = PBXFileReference; lastKnownFileType = sourcecode.swift; path = ProjectDetailExportSheet.swift; sourceTree = "<group>"; };
		65BE5A2C2FB5FD6600052284 /* ProjectDetailHeaderCardTests.swift */ = {isa = PBXFileReference; lastKnownFileType = sourcecode.swift; path = ProjectDetailHeaderCardTests.swift; sourceTree = "<group>"; };
		65BE5A2E2FB5FD6F00052284 /* ProjectDetailSummaryRowTests.swift */ = {isa = PBXFileReference; lastKnownFileType = sourcecode.swift; path = ProjectDetailSummaryRowTests.swift; sourceTree = "<group>"; };
		65BE5A302FB5FD7700052284 /* ProjectDetailTasksCardTests.swift */ = {isa = PBXFileReference; lastKnownFileType = sourcecode.swift; path = ProjectDetailTasksCardTests.swift; sourceTree = "<group>"; };
		65BE5A322FB5FD7E00052284 /* ProjectDetailBudgetSheetTests.swift */ = {isa = PBXFileReference; lastKnownFileType = sourcecode.swift; path = ProjectDetailBudgetSheetTests.swift; sourceTree = "<group>"; };
		65BE5A342FB5FD8500052284 /* ProjectDetailSessionsCardTests.swift */ = {isa = PBXFileReference; lastKnownFileType = sourcecode.swift; path = ProjectDetailSessionsCardTests.swift; sourceTree = "<group>"; };
		65BE5A362FB5FD8E00052284 /* ProjectDetailExportSheetTests.swift */ = {isa = PBXFileReference; lastKnownFileType = sourcecode.swift; path = ProjectDetailExportSheetTests.swift; sourceTree = "<group>"; };
		65F0C9E22FC95A6B0099A001 /* ViewPreviewCoverageTests.swift */ = {isa = PBXFileReference; lastKnownFileType = sourcecode.swift; path = ViewPreviewCoverageTests.swift; sourceTree = "<group>"; };
		65E888E82FB2610A007E10CE /* WorkspaceSection.swift */ = {isa = PBXFileReference; lastKnownFileType = sourcecode.swift; path = WorkspaceSection.swift; sourceTree = "<group>"; };
		65E888EB2FB2610A007E10CE /* WorkspaceRootLayoutRules.swift */ = {isa = PBXFileReference; lastKnownFileType = sourcecode.swift; path = WorkspaceRootLayoutRules.swift; sourceTree = "<group>"; };
		65E888EE2FB2610B007E10CE /* WorkspaceTabButton.swift */ = {isa = PBXFileReference; lastKnownFileType = sourcecode.swift; path = WorkspaceTabButton.swift; sourceTree = "<group>"; };
		65E888F12FB2610B007E10CE /* ClientGroup.swift */ = {isa = PBXFileReference; lastKnownFileType = sourcecode.swift; path = ClientGroup.swift; sourceTree = "<group>"; };
		65E888F42FB26121007E10CE /* SessionEditor.swift */ = {isa = PBXFileReference; lastKnownFileType = sourcecode.swift; path = SessionEditor.swift; sourceTree = "<group>"; };
		65E888F72FB26121007E10CE /* ClientSectionHeader.swift */ = {isa = PBXFileReference; lastKnownFileType = sourcecode.swift; path = ClientSectionHeader.swift; sourceTree = "<group>"; };
		65E888FA2FB26121007E10CE /* ProjectSidebarRow.swift */ = {isa = PBXFileReference; lastKnownFileType = sourcecode.swift; path = ProjectSidebarRow.swift; sourceTree = "<group>"; };
		65E888FD2FB26122007E10CE /* ActiveSidebarCard.swift */ = {isa = PBXFileReference; lastKnownFileType = sourcecode.swift; path = ActiveSidebarCard.swift; sourceTree = "<group>"; };
		65E889002FB26131007E10CE /* EmptyStateView.swift */ = {isa = PBXFileReference; lastKnownFileType = sourcecode.swift; path = EmptyStateView.swift; sourceTree = "<group>"; };
		B00000000000000000000001 /* TimeTrackerApp.swift */ = {isa = PBXFileReference; lastKnownFileType = sourcecode.swift; path = TimeTrackerApp.swift; sourceTree = "<group>"; };
		B00000000000000000000002 /* ClientProject.swift */ = {isa = PBXFileReference; lastKnownFileType = sourcecode.swift; path = ClientProject.swift; sourceTree = "<group>"; };
		B00000000000000000000003 /* WorkSession.swift */ = {isa = PBXFileReference; lastKnownFileType = sourcecode.swift; path = WorkSession.swift; sourceTree = "<group>"; };
		B00000000000000000000004 /* TrackingManager.swift */ = {isa = PBXFileReference; lastKnownFileType = sourcecode.swift; path = TrackingManager.swift; sourceTree = "<group>"; };
		B00000000000000000000005 /* TimeFormatting.swift */ = {isa = PBXFileReference; lastKnownFileType = sourcecode.swift; path = TimeFormatting.swift; sourceTree = "<group>"; };
		B00000000000000000000006 /* ContentView.swift */ = {isa = PBXFileReference; lastKnownFileType = sourcecode.swift; path = ContentView.swift; sourceTree = "<group>"; };
		B00000000000000000000007 /* ProjectDetailView.swift */ = {isa = PBXFileReference; lastKnownFileType = sourcecode.swift; path = ProjectDetailView.swift; sourceTree = "<group>"; };
		B00000000000000000000008 /* NewProjectSheet.swift */ = {isa = PBXFileReference; lastKnownFileType = sourcecode.swift; path = NewProjectSheet.swift; sourceTree = "<group>"; };
		B00000000000000000000009 /* Assets.xcassets */ = {isa = PBXFileReference; lastKnownFileType = folder.assetcatalog; path = Assets.xcassets; sourceTree = "<group>"; };
		B0000000000000000000000A /* TimeTracker.app */ = {isa = PBXFileReference; explicitFileType = wrapper.application; includeInIndex = 0; path = TimeTracker.app; sourceTree = BUILT_PRODUCTS_DIR; };
		B0000000000000000000000B /* ManualSessionSheet.swift */ = {isa = PBXFileReference; lastKnownFileType = sourcecode.swift; path = ManualSessionSheet.swift; sourceTree = "<group>"; };
		B0000000000000000000000C /* MenuBarTrackingView.swift */ = {isa = PBXFileReference; lastKnownFileType = sourcecode.swift; path = MenuBarTrackingView.swift; sourceTree = "<group>"; };
		B0000000000000000000000D /* TrackingStatusStore.swift */ = {isa = PBXFileReference; lastKnownFileType = sourcecode.swift; path = TrackingStatusStore.swift; sourceTree = "<group>"; };
		B0000000000000000000000E /* ProjectTask.swift */ = {isa = PBXFileReference; lastKnownFileType = sourcecode.swift; path = ProjectTask.swift; sourceTree = "<group>"; };
		B00000000000000000000011 /* TrackingManagerTests.swift */ = {isa = PBXFileReference; lastKnownFileType = sourcecode.swift; path = TrackingManagerTests.swift; sourceTree = "<group>"; };
		B00000000000000000000012 /* ModelAndFormattingTests.swift */ = {isa = PBXFileReference; lastKnownFileType = sourcecode.swift; path = ModelAndFormattingTests.swift; sourceTree = "<group>"; };
		B00000000000000000000013 /* TestSupport.swift */ = {isa = PBXFileReference; lastKnownFileType = sourcecode.swift; path = TestSupport.swift; sourceTree = "<group>"; };
		B00000000000000000000014 /* TimeTrackerTests.xctest */ = {isa = PBXFileReference; explicitFileType = wrapper.cfbundle; includeInIndex = 0; path = TimeTrackerTests.xctest; sourceTree = BUILT_PRODUCTS_DIR; };
		B00000000000000000000015 /* ProjectExportService.swift */ = {isa = PBXFileReference; lastKnownFileType = sourcecode.swift; path = ProjectExportService.swift; sourceTree = "<group>"; };
		B00000000000000000000016 /* TimeTracker.entitlements */ = {isa = PBXFileReference; lastKnownFileType = text.plist.entitlements; path = TimeTracker.entitlements; sourceTree = "<group>"; };
		B00000000000000000000017 /* WorkspaceAnalyticsView.swift */ = {isa = PBXFileReference; lastKnownFileType = sourcecode.swift; path = WorkspaceAnalyticsView.swift; sourceTree = "<group>"; };
		B00000000000000000000018 /* ProjectDetailView+Logic.swift */ = {isa = PBXFileReference; lastKnownFileType = sourcecode.swift; path = "ProjectDetailView+Logic.swift"; sourceTree = "<group>"; };
		B00000000000000000000019 /* ProjectDetailComponents.swift */ = {isa = PBXFileReference; lastKnownFileType = sourcecode.swift; path = ProjectDetailComponents.swift; sourceTree = "<group>"; };
		B0000000000000000000001A /* MacRedesignedRootView.swift */ = {isa = PBXFileReference; lastKnownFileType = sourcecode.swift; path = MacRedesignedRootView.swift; sourceTree = "<group>"; };
		C10000000000000000000001 /* ClientProject.swift */ = {isa = PBXFileReference; lastKnownFileType = sourcecode.swift; path = ClientProject.swift; sourceTree = "<group>"; };
		C10000000000000000000002 /* ProjectTask.swift */ = {isa = PBXFileReference; lastKnownFileType = sourcecode.swift; path = ProjectTask.swift; sourceTree = "<group>"; };
		C10000000000000000000003 /* WorkSession.swift */ = {isa = PBXFileReference; lastKnownFileType = sourcecode.swift; path = WorkSession.swift; sourceTree = "<group>"; };
		C10000000000000000000004 /* TrackingManager.swift */ = {isa = PBXFileReference; lastKnownFileType = sourcecode.swift; path = TrackingManager.swift; sourceTree = "<group>"; };
		C10000000000000000000005 /* TrackingStatusStore.swift */ = {isa = PBXFileReference; lastKnownFileType = sourcecode.swift; path = TrackingStatusStore.swift; sourceTree = "<group>"; };
		C10000000000000000000006 /* TimeFormatting.swift */ = {isa = PBXFileReference; lastKnownFileType = sourcecode.swift; path = TimeFormatting.swift; sourceTree = "<group>"; };
		C10000000000000000000007 /* TimeTrackerSchema.swift */ = {isa = PBXFileReference; lastKnownFileType = sourcecode.swift; path = TimeTrackerSchema.swift; sourceTree = "<group>"; };
		C10000000000000000000008 /* PlatformSummaryCard.swift */ = {isa = PBXFileReference; lastKnownFileType = sourcecode.swift; path = PlatformSummaryCard.swift; sourceTree = "<group>"; };
		C10000000000000000000009 /* ProjectExportFileNaming.swift */ = {isa = PBXFileReference; lastKnownFileType = sourcecode.swift; path = ProjectExportFileNaming.swift; sourceTree = "<group>"; };
		C1000000000000000000000A /* ProjectCreationDraft.swift */ = {isa = PBXFileReference; lastKnownFileType = sourcecode.swift; path = ProjectCreationDraft.swift; sourceTree = "<group>"; };
		C10000000000000000000020 /* Tokens.swift */ = {isa = PBXFileReference; lastKnownFileType = sourcecode.swift; path = Tokens.swift; sourceTree = "<group>"; };
		C10000000000000000000021 /* GlassCard.swift */ = {isa = PBXFileReference; lastKnownFileType = sourcecode.swift; path = GlassCard.swift; sourceTree = "<group>"; };
		C10000000000000000000022 /* PillButton.swift */ = {isa = PBXFileReference; lastKnownFileType = sourcecode.swift; path = PillButton.swift; sourceTree = "<group>"; };
		C10000000000000000000023 /* ProjectColor.swift */ = {isa = PBXFileReference; lastKnownFileType = sourcecode.swift; path = ProjectColor.swift; sourceTree = "<group>"; };
		C10000000000000000000024 /* AppearanceSettings.swift */ = {isa = PBXFileReference; lastKnownFileType = sourcecode.swift; path = AppearanceSettings.swift; sourceTree = "<group>"; };
		C10000000000000000000030 /* PulseDot.swift */ = {isa = PBXFileReference; lastKnownFileType = sourcecode.swift; path = PulseDot.swift; sourceTree = "<group>"; };
		C10000000000000000000031 /* SectionCard.swift */ = {isa = PBXFileReference; lastKnownFileType = sourcecode.swift; path = SectionCard.swift; sourceTree = "<group>"; };
		C10000000000000000000032 /* StatTile.swift */ = {isa = PBXFileReference; lastKnownFileType = sourcecode.swift; path = StatTile.swift; sourceTree = "<group>"; };
		C10000000000000000000033 /* SyncBanner.swift */ = {isa = PBXFileReference; lastKnownFileType = sourcecode.swift; path = SyncBanner.swift; sourceTree = "<group>"; };
		C10000000000000000000034 /* TimerHero.swift */ = {isa = PBXFileReference; lastKnownFileType = sourcecode.swift; path = TimerHero.swift; sourceTree = "<group>"; };
		C10000000000000000000035 /* TaskRow.swift */ = {isa = PBXFileReference; lastKnownFileType = sourcecode.swift; path = TaskRow.swift; sourceTree = "<group>"; };
		C10000000000000000000036 /* EntryRow.swift */ = {isa = PBXFileReference; lastKnownFileType = sourcecode.swift; path = EntryRow.swift; sourceTree = "<group>"; };
		C10000000000000000000037 /* ProjectBar.swift */ = {isa = PBXFileReference; lastKnownFileType = sourcecode.swift; path = ProjectBar.swift; sourceTree = "<group>"; };
		C10000000000000000000038 /* WeekBars.swift */ = {isa = PBXFileReference; lastKnownFileType = sourcecode.swift; path = WeekBars.swift; sourceTree = "<group>"; };
		C10000000000000000000039 /* DayProfile.swift */ = {isa = PBXFileReference; lastKnownFileType = sourcecode.swift; path = DayProfile.swift; sourceTree = "<group>"; };
		C1000000000000000000003A /* ClientSwitcher.swift */ = {isa = PBXFileReference; lastKnownFileType = sourcecode.swift; path = ClientSwitcher.swift; sourceTree = "<group>"; };
		C1000000000000000000003B /* AnalyticsAggregator.swift */ = {isa = PBXFileReference; lastKnownFileType = sourcecode.swift; path = AnalyticsAggregator.swift; sourceTree = "<group>"; };
/* End PBXFileReference section */

/* Begin PBXFileSystemSynchronizedBuildFileExceptionSet section */
		65A7E60E2F8E361C00C85E07 /* PBXFileSystemSynchronizedBuildFileExceptionSet */ = {
			isa = PBXFileSystemSynchronizedBuildFileExceptionSet;
			membershipExceptions = (
				Info.plist,
			);
			target = 658F653F2F8404A00016E346 /* TimeTrackeriOS */;
		};
/* End PBXFileSystemSynchronizedBuildFileExceptionSet section */

/* Begin PBXFileSystemSynchronizedRootGroup section */
		658F65412F8404A00016E346 /* TimeTrackeriOS */ = {isa = PBXFileSystemSynchronizedRootGroup; exceptions = (65A7E60E2F8E361C00C85E07 /* PBXFileSystemSynchronizedBuildFileExceptionSet */, ); explicitFileTypes = {}; explicitFolders = (); path = TimeTrackeriOS; sourceTree = "<group>"; };
		658F654F2F8404A10016E346 /* TimeTrackeriOSTests */ = {isa = PBXFileSystemSynchronizedRootGroup; explicitFileTypes = {}; explicitFolders = (); path = TimeTrackeriOSTests; sourceTree = "<group>"; };
		658F65592F8404A10016E346 /* TimeTrackeriOSUITests */ = {isa = PBXFileSystemSynchronizedRootGroup; explicitFileTypes = {}; explicitFolders = (); path = TimeTrackeriOSUITests; sourceTree = "<group>"; };
/* End PBXFileSystemSynchronizedRootGroup section */

/* Begin PBXFrameworksBuildPhase section */
		658F653D2F8404A00016E346 /* Frameworks */ = {
			isa = PBXFrameworksBuildPhase;
			buildActionMask = 2147483647;
			files = (
			);
			runOnlyForDeploymentPostprocessing = 0;
		};
		658F65492F8404A10016E346 /* Frameworks */ = {
			isa = PBXFrameworksBuildPhase;
			buildActionMask = 2147483647;
			files = (
			);
			runOnlyForDeploymentPostprocessing = 0;
		};
		658F65532F8404A10016E346 /* Frameworks */ = {
			isa = PBXFrameworksBuildPhase;
			buildActionMask = 2147483647;
			files = (
			);
			runOnlyForDeploymentPostprocessing = 0;
		};
		C00000000000000000000001 /* Frameworks */ = {
			isa = PBXFrameworksBuildPhase;
			buildActionMask = 2147483647;
			files = (
			);
			runOnlyForDeploymentPostprocessing = 0;
		};
		C00000000000000000000002 /* Frameworks */ = {
			isa = PBXFrameworksBuildPhase;
			buildActionMask = 2147483647;
			files = (
			);
			runOnlyForDeploymentPostprocessing = 0;
		};
/* End PBXFrameworksBuildPhase section */

/* Begin PBXGroup section */
		65317F452FB592FC00E8C9E3 /* Workspace */ = {
			isa = PBXGroup;
			children = (
				65317F492FB597A400E8C9E3 /* ViewModels */,
				65317F642FB5E58B00E8C9E3 /* TabBar */,
				65317F362FB5925000E8C9E3 /* WorkspaceSidebarView.swift */,
				65317F392FB5926400E8C9E3 /* WorkspaceDetailAreaView.swift */,
				65317F3C2FB5926500E8C9E3 /* WorkspaceTrackingDetailView.swift */,
				65E888E82FB2610A007E10CE /* WorkspaceSection.swift */,
				65E888EB2FB2610A007E10CE /* WorkspaceRootLayoutRules.swift */,
			);
			path = Workspace;
			sourceTree = "<group>";
		};
		65317F462FB5931000E8C9E3 /* Project */ = {
			isa = PBXGroup;
			children = (
				B00000000000000000000007 /* ProjectDetailView.swift */,
				B00000000000000000000018 /* ProjectDetailView+Logic.swift */,
				B00000000000000000000019 /* ProjectDetailComponents.swift */,
				653180372FB5F1DD00E8C9E3 /* ProjectDetailViewModel.swift */,
				65BE5A172FB5FCC300052284 /* ProjectDetailHeaderCard.swift */,
				65BE5A1A2FB5FCCD00052284 /* ProjectDetailSummaryRow.swift */,
				65BE5A1D2FB5FCE300052284 /* ProjectDetailBillingCard.swift */,
				65BE5A202FB5FCFE00052284 /* ProjectDetailTasksCard.swift */,
				65BE5A232FB5FD0B00052284 /* ProjectDetailSessionsCard.swift */,
				65BE5A262FB5FD2B00052284 /* ProjectDetailBudgetSheet.swift */,
				65BE5A292FB5FD3800052284 /* ProjectDetailExportSheet.swift */,
			);
			path = Project;
			sourceTree = "<group>";
		};
		65317F492FB597A400E8C9E3 /* ViewModels */ = {
			isa = PBXGroup;
			children = (
				65317F302FB58F3A00E8C9E3 /* WorkspaceRootViewModel.swift */,
			);
			path = ViewModels;
			sourceTree = "<group>";
		};
		65317F642FB5E58B00E8C9E3 /* TabBar */ = {
			isa = PBXGroup;
			children = (
				65317F332FB5924F00E8C9E3 /* WorkspaceTabBarView.swift */,
				65E888EE2FB2610B007E10CE /* WorkspaceTabButton.swift */,
			);
			path = TabBar;
			sourceTree = "<group>";
		};
		D00000000000000000000001 = {
			isa = PBXGroup;
			children = (
				658F65D52F84374C0016E346 /* TimeTrackeriOS.xctestplan */,
				D00000000000000000000002 /* TimeTracker */,
				D00000000000000000000008 /* TimeTrackerTests */,
				D10000000000000000000001 /* SharedCore */,
				D10000000000000000000010 /* SharedUI */,
				658F65412F8404A00016E346 /* TimeTrackeriOS */,
				658F654F2F8404A10016E346 /* TimeTrackeriOSTests */,
				658F65592F8404A10016E346 /* TimeTrackeriOSUITests */,
				D00000000000000000000003 /* Products */,
			);
			sourceTree = "<group>";
		};
		D00000000000000000000002 /* TimeTracker */ = {
			isa = PBXGroup;
			children = (
				B00000000000000000000001 /* TimeTrackerApp.swift */,
				D00000000000000000000004 /* Models */,
				D00000000000000000000005 /* Services */,
				D00000000000000000000006 /* Support */,
				D00000000000000000000007 /* Views */,
				B00000000000000000000016 /* TimeTracker.entitlements */,
				B00000000000000000000009 /* Assets.xcassets */,
			);
			path = TimeTracker;
			sourceTree = "<group>";
		};
		D00000000000000000000003 /* Products */ = {
			isa = PBXGroup;
			children = (
				B0000000000000000000000A /* TimeTracker.app */,
				B00000000000000000000014 /* TimeTrackerTests.xctest */,
				658F65402F8404A00016E346 /* TimeTrackeriOS.app */,
				658F654C2F8404A10016E346 /* TimeTrackeriOSTests.xctest */,
				658F65562F8404A10016E346 /* TimeTrackeriOSUITests.xctest */,
			);
			name = Products;
			sourceTree = "<group>";
		};
		D00000000000000000000004 /* Models */ = {
			isa = PBXGroup;
			children = (
				B00000000000000000000002 /* ClientProject.swift */,
				B0000000000000000000000E /* ProjectTask.swift */,
				B00000000000000000000003 /* WorkSession.swift */,
			);
			path = Models;
			sourceTree = "<group>";
		};
		D00000000000000000000005 /* Services */ = {
			isa = PBXGroup;
			children = (
				B00000000000000000000004 /* TrackingManager.swift */,
				B0000000000000000000000D /* TrackingStatusStore.swift */,
			);
			path = Services;
			sourceTree = "<group>";
		};
		D00000000000000000000006 /* Support */ = {
			isa = PBXGroup;
			children = (
				B00000000000000000000015 /* ProjectExportService.swift */,
				B00000000000000000000005 /* TimeFormatting.swift */,
			);
			path = Support;
			sourceTree = "<group>";
		};
		D00000000000000000000007 /* Views */ = {
			isa = PBXGroup;
			children = (
				B00000000000000000000006 /* ContentView.swift */,
				B00000000000000000000017 /* WorkspaceAnalyticsView.swift */,
				B0000000000000000000000C /* MenuBarTrackingView.swift */,
				65317F462FB5931000E8C9E3 /* Project */,
				B0000000000000000000001A /* MacRedesignedRootView.swift */,
				B00000000000000000000008 /* NewProjectSheet.swift */,
				B0000000000000000000000B /* ManualSessionSheet.swift */,
			);
			path = Views;
			sourceTree = "<group>";
		};
		D00000000000000000000008 /* TimeTrackerTests */ = {
			isa = PBXGroup;
			children = (
				B00000000000000000000011 /* TrackingManagerTests.swift */,
				B00000000000000000000012 /* ModelAndFormattingTests.swift */,
				B00000000000000000000013 /* TestSupport.swift */,
				65317F472FB5938500E8C9E3 /* ProjectDetailLogicTests.swift */,
				65317F992FB5F1B000E8C9E3 /* ManualSessionLogicTests.swift */,
				65BE5A2C2FB5FD6600052284 /* ProjectDetailHeaderCardTests.swift */,
				65BE5A2E2FB5FD6F00052284 /* ProjectDetailSummaryRowTests.swift */,
				65BE5A302FB5FD7700052284 /* ProjectDetailTasksCardTests.swift */,
				65BE5A322FB5FD7E00052284 /* ProjectDetailBudgetSheetTests.swift */,
				65BE5A342FB5FD8500052284 /* ProjectDetailSessionsCardTests.swift */,
				65BE5A362FB5FD8E00052284 /* ProjectDetailExportSheetTests.swift */,
				65F0C9E22FC95A6B0099A001 /* ViewPreviewCoverageTests.swift */,
			);
			path = TimeTrackerTests;
			sourceTree = "<group>";
		};
		D10000000000000000000001 /* SharedCore */ = {
			isa = PBXGroup;
			children = (
				D10000000000000000000002 /* Models */,
				D10000000000000000000003 /* Services */,
				D10000000000000000000004 /* Support */,
			);
			path = SharedCore;
			sourceTree = "<group>";
		};
		D10000000000000000000002 /* Models */ = {
			isa = PBXGroup;
			children = (
				C10000000000000000000001 /* ClientProject.swift */,
				C10000000000000000000002 /* ProjectTask.swift */,
				C10000000000000000000003 /* WorkSession.swift */,
			);
			path = Models;
			sourceTree = "<group>";
		};
		D10000000000000000000003 /* Services */ = {
			isa = PBXGroup;
			children = (
				C10000000000000000000004 /* TrackingManager.swift */,
				C10000000000000000000005 /* TrackingStatusStore.swift */,
			);
			path = Services;
			sourceTree = "<group>";
		};
		D10000000000000000000004 /* Support */ = {
			isa = PBXGroup;
			children = (
				C10000000000000000000006 /* TimeFormatting.swift */,
				C10000000000000000000007 /* TimeTrackerSchema.swift */,
				C10000000000000000000009 /* ProjectExportFileNaming.swift */,
				C1000000000000000000000A /* ProjectCreationDraft.swift */,
				65317F612FB59AAA00E8C9E3 /* PreviewSampleData.swift */,
			);
			path = Support;
			sourceTree = "<group>";
		};
		D10000000000000000000010 /* SharedUI */ = {
			isa = PBXGroup;
			children = (
				D10000000000000000000011 /* Views */,
				D10000000000000000000020 /* Design */,
				D10000000000000000000030 /* Components */,
			);
			path = SharedUI;
			sourceTree = "<group>";
		};
		D10000000000000000000011 /* Views */ = {
			isa = PBXGroup;
			children = (
				C10000000000000000000008 /* PlatformSummaryCard.swift */,
				65E888F12FB2610B007E10CE /* ClientGroup.swift */,
				65E888F42FB26121007E10CE /* SessionEditor.swift */,
				65E888F72FB26121007E10CE /* ClientSectionHeader.swift */,
				65E888FA2FB26121007E10CE /* ProjectSidebarRow.swift */,
				65E888FD2FB26122007E10CE /* ActiveSidebarCard.swift */,
				65E889002FB26131007E10CE /* EmptyStateView.swift */,
				65317F452FB592FC00E8C9E3 /* Workspace */,
			);
			path = Views;
			sourceTree = "<group>";
		};
		D10000000000000000000020 /* Design */ = {
			isa = PBXGroup;
			children = (
				C10000000000000000000020 /* Tokens.swift */,
				C10000000000000000000021 /* GlassCard.swift */,
				C10000000000000000000022 /* PillButton.swift */,
				C10000000000000000000023 /* ProjectColor.swift */,
				C10000000000000000000024 /* AppearanceSettings.swift */,
			);
			path = Design;
			sourceTree = "<group>";
		};
		D10000000000000000000030 /* Components */ = {
			isa = PBXGroup;
			children = (
				C10000000000000000000030 /* PulseDot.swift */,
				C10000000000000000000031 /* SectionCard.swift */,
				C10000000000000000000032 /* StatTile.swift */,
				C10000000000000000000033 /* SyncBanner.swift */,
				C10000000000000000000034 /* TimerHero.swift */,
				C10000000000000000000035 /* TaskRow.swift */,
				C10000000000000000000036 /* EntryRow.swift */,
				C10000000000000000000037 /* ProjectBar.swift */,
				C10000000000000000000038 /* WeekBars.swift */,
				C10000000000000000000039 /* DayProfile.swift */,
				C1000000000000000000003A /* ClientSwitcher.swift */,
				C1000000000000000000003B /* AnalyticsAggregator.swift */,
			);
			path = Components;
			sourceTree = "<group>";
		};
/* End PBXGroup section */

/* Begin PBXNativeTarget section */
		658F653F2F8404A00016E346 /* TimeTrackeriOS */ = {
			isa = PBXNativeTarget;
			buildConfigurationList = 658F655E2F8404A10016E346 /* Build configuration list for PBXNativeTarget "TimeTrackeriOS" */;
			buildPhases = (
				658F653C2F8404A00016E346 /* Sources */,
				658F653D2F8404A00016E346 /* Frameworks */,
				658F653E2F8404A00016E346 /* Resources */,
			);
			buildRules = (
			);
			dependencies = (
			);
			fileSystemSynchronizedGroups = (
				658F65412F8404A00016E346 /* TimeTrackeriOS */,
			);
			name = TimeTrackeriOS;
			packageProductDependencies = (
			);
			productName = TimeTrackeriOS;
			productReference = 658F65402F8404A00016E346 /* TimeTrackeriOS.app */;
			productType = "com.apple.product-type.application";
		};
		658F654B2F8404A10016E346 /* TimeTrackeriOSTests */ = {
			isa = PBXNativeTarget;
			buildConfigurationList = 658F65612F8404A10016E346 /* Build configuration list for PBXNativeTarget "TimeTrackeriOSTests" */;
			buildPhases = (
				658F65482F8404A10016E346 /* Sources */,
				658F65492F8404A10016E346 /* Frameworks */,
				658F654A2F8404A10016E346 /* Resources */,
			);
			buildRules = (
			);
			dependencies = (
				658F654E2F8404A10016E346 /* PBXTargetDependency */,
			);
			fileSystemSynchronizedGroups = (
				658F654F2F8404A10016E346 /* TimeTrackeriOSTests */,
			);
			name = TimeTrackeriOSTests;
			packageProductDependencies = (
			);
			productName = TimeTrackeriOSTests;
			productReference = 658F654C2F8404A10016E346 /* TimeTrackeriOSTests.xctest */;
			productType = "com.apple.product-type.bundle.unit-test";
		};
		658F65552F8404A10016E346 /* TimeTrackeriOSUITests */ = {
			isa = PBXNativeTarget;
			buildConfigurationList = 658F65642F8404A10016E346 /* Build configuration list for PBXNativeTarget "TimeTrackeriOSUITests" */;
			buildPhases = (
				658F65522F8404A10016E346 /* Sources */,
				658F65532F8404A10016E346 /* Frameworks */,
				658F65542F8404A10016E346 /* Resources */,
			);
			buildRules = (
			);
			dependencies = (
				658F65582F8404A10016E346 /* PBXTargetDependency */,
			);
			fileSystemSynchronizedGroups = (
				658F65592F8404A10016E346 /* TimeTrackeriOSUITests */,
			);
			name = TimeTrackeriOSUITests;
			packageProductDependencies = (
			);
			productName = TimeTrackeriOSUITests;
			productReference = 658F65562F8404A10016E346 /* TimeTrackeriOSUITests.xctest */;
			productType = "com.apple.product-type.bundle.ui-testing";
		};
		E00000000000000000000001 /* TimeTracker */ = {
			isa = PBXNativeTarget;
			buildConfigurationList = F00000000000000000000002 /* Build configuration list for PBXNativeTarget "TimeTracker" */;
			buildPhases = (
				C00000000000000000000001 /* Frameworks */,
				E00000000000000000000002 /* Sources */,
				E00000000000000000000003 /* Resources */,
			);
			buildRules = (
			);
			dependencies = (
			);
			name = TimeTracker;
			productName = TimeTracker;
			productReference = B0000000000000000000000A /* TimeTracker.app */;
			productType = "com.apple.product-type.application";
		};
		E00000000000000000000004 /* TimeTrackerTests */ = {
			isa = PBXNativeTarget;
			buildConfigurationList = F00000000000000000000008 /* Build configuration list for PBXNativeTarget "TimeTrackerTests" */;
			buildPhases = (
				E00000000000000000000005 /* Sources */,
				C00000000000000000000002 /* Frameworks */,
				E00000000000000000000006 /* Resources */,
			);
			buildRules = (
			);
			dependencies = (
				C00000000000000000000011 /* PBXTargetDependency */,
			);
			name = TimeTrackerTests;
			productName = TimeTrackerTests;
			productReference = B00000000000000000000014 /* TimeTrackerTests.xctest */;
			productType = "com.apple.product-type.bundle.unit-test";
		};
/* End PBXNativeTarget section */

/* Begin PBXProject section */
		F00000000000000000000001 /* Project object */ = {
			isa = PBXProject;
			attributes = {
				BuildIndependentTargetsInParallel = 1;
				LastSwiftUpdateCheck = 2640;
				LastUpgradeCheck = 2640;
				TargetAttributes = {
					658F653F2F8404A00016E346 = {
						CreatedOnToolsVersion = 26.4;
					};
					658F654B2F8404A10016E346 = {
						CreatedOnToolsVersion = 26.4;
						TestTargetID = 658F653F2F8404A00016E346;
					};
					658F65552F8404A10016E346 = {
						CreatedOnToolsVersion = 26.4;
						TestTargetID = 658F653F2F8404A00016E346;
					};
					E00000000000000000000001 = {
						CreatedOnToolsVersion = 26.4;
					};
					E00000000000000000000004 = {
						CreatedOnToolsVersion = 26.4;
						TestTargetID = E00000000000000000000001;
					};
				};
			};
			buildConfigurationList = F00000000000000000000003 /* Build configuration list for PBXProject "TimeTracker" */;
			compatibilityVersion = "Xcode 16.0";
			developmentRegion = en;
			hasScannedForEncodings = 0;
			knownRegions = (
				en,
				Base,
			);
			mainGroup = D00000000000000000000001;
			productRefGroup = D00000000000000000000003 /* Products */;
			projectDirPath = "";
			projectRoot = "";
			targets = (
				E00000000000000000000001 /* TimeTracker */,
				E00000000000000000000004 /* TimeTrackerTests */,
				658F653F2F8404A00016E346 /* TimeTrackeriOS */,
				658F654B2F8404A10016E346 /* TimeTrackeriOSTests */,
				658F65552F8404A10016E346 /* TimeTrackeriOSUITests */,
			);
		};
/* End PBXProject section */

/* Begin PBXResourcesBuildPhase section */
		658F653E2F8404A00016E346 /* Resources */ = {
			isa = PBXResourcesBuildPhase;
			buildActionMask = 2147483647;
			files = (
			);
			runOnlyForDeploymentPostprocessing = 0;
		};
		658F654A2F8404A10016E346 /* Resources */ = {
			isa = PBXResourcesBuildPhase;
			buildActionMask = 2147483647;
			files = (
			);
			runOnlyForDeploymentPostprocessing = 0;
		};
		658F65542F8404A10016E346 /* Resources */ = {
			isa = PBXResourcesBuildPhase;
			buildActionMask = 2147483647;
			files = (
			);
			runOnlyForDeploymentPostprocessing = 0;
		};
		E00000000000000000000003 /* Resources */ = {
			isa = PBXResourcesBuildPhase;
			buildActionMask = 2147483647;
			files = (
				A00000000000000000000009 /* Assets.xcassets in Resources */,
			);
			runOnlyForDeploymentPostprocessing = 0;
		};
		E00000000000000000000006 /* Resources */ = {
			isa = PBXResourcesBuildPhase;
			buildActionMask = 2147483647;
			files = (
			);
			runOnlyForDeploymentPostprocessing = 0;
		};
/* End PBXResourcesBuildPhase section */

/* Begin PBXSourcesBuildPhase section */
		658F653C2F8404A00016E346 /* Sources */ = {
			isa = PBXSourcesBuildPhase;
			buildActionMask = 2147483647;
			files = (
				65BE5A1C2FB5FCCD00052284 /* ProjectDetailSummaryRow.swift in Sources */,
				C3000000000000000000000B /* ContentView.swift in Sources */,
				C3000000000000000000000F /* WorkspaceAnalyticsView.swift in Sources */,
				65BE5A192FB5FCC300052284 /* ProjectDetailHeaderCard.swift in Sources */,
				C3000000000000000000000D /* NewProjectSheet.swift in Sources */,
				C3000000000000000000000E /* ManualSessionSheet.swift in Sources */,
				65E888F62FB26121007E10CE /* SessionEditor.swift in Sources */,
				65E888F22FB2610B007E10CE /* ClientGroup.swift in Sources */,
				C3000000000000000000000C /* ProjectDetailView.swift in Sources */,
				C30000000000000000000010 /* ProjectDetailView+Logic.swift in Sources */,
				C30000000000000000000011 /* ProjectDetailComponents.swift in Sources */,
				C30000000000000000000001 /* ClientProject.swift in Sources */,
				C30000000000000000000002 /* ProjectTask.swift in Sources */,
				C30000000000000000000003 /* WorkSession.swift in Sources */,
				65317F322FB58F3A00E8C9E3 /* WorkspaceRootViewModel.swift in Sources */,
				65317F622FB59AAA00E8C9E3 /* PreviewSampleData.swift in Sources */,
				C30000000000000000000004 /* TrackingManager.swift in Sources */,
				C30000000000000000000005 /* TrackingStatusStore.swift in Sources */,
				C30000000000000000000006 /* TimeFormatting.swift in Sources */,
				65317F3D2FB5926500E8C9E3 /* WorkspaceTrackingDetailView.swift in Sources */,
				65BE5A242FB5FD0B00052284 /* ProjectDetailSessionsCard.swift in Sources */,
				C30000000000000000000007 /* TimeTrackerSchema.swift in Sources */,
				65BE5A222FB5FCFE00052284 /* ProjectDetailTasksCard.swift in Sources */,
				C30000000000000000000008 /* PlatformSummaryCard.swift in Sources */,
				65BE5A1F2FB5FCE300052284 /* ProjectDetailBillingCard.swift in Sources */,
				653180392FB5F1DD00E8C9E3 /* ProjectDetailViewModel.swift in Sources */,
				C30000000000000000000040 /* ProjectCreationDraft.swift in Sources */,
				65E888FC2FB26121007E10CE /* ProjectSidebarRow.swift in Sources */,
				C30000000000000000000020 /* Tokens.swift in Sources */,
				C30000000000000000000021 /* GlassCard.swift in Sources */,
				C30000000000000000000022 /* PillButton.swift in Sources */,
				C30000000000000000000023 /* ProjectColor.swift in Sources */,
				C30000000000000000000024 /* AppearanceSettings.swift in Sources */,
				65317F352FB5924F00E8C9E3 /* WorkspaceTabBarView.swift in Sources */,
				65E889022FB26131007E10CE /* EmptyStateView.swift in Sources */,
				C30000000000000000000030 /* PulseDot.swift in Sources */,
				C30000000000000000000031 /* SectionCard.swift in Sources */,
				C30000000000000000000032 /* StatTile.swift in Sources */,
				C30000000000000000000033 /* SyncBanner.swift in Sources */,
				C30000000000000000000034 /* TimerHero.swift in Sources */,
				65E888FF2FB26122007E10CE /* ActiveSidebarCard.swift in Sources */,
				C30000000000000000000035 /* TaskRow.swift in Sources */,
				C30000000000000000000036 /* EntryRow.swift in Sources */,
				65E888ED2FB2610A007E10CE /* WorkspaceRootLayoutRules.swift in Sources */,
				65BE5A2B2FB5FD3800052284 /* ProjectDetailExportSheet.swift in Sources */,
				C30000000000000000000037 /* ProjectBar.swift in Sources */,
				65317F372FB5925000E8C9E3 /* WorkspaceSidebarView.swift in Sources */,
				65317F3B2FB5926400E8C9E3 /* WorkspaceDetailAreaView.swift in Sources */,
				65E888F92FB26121007E10CE /* ClientSectionHeader.swift in Sources */,
				65BE5A282FB5FD2B00052284 /* ProjectDetailBudgetSheet.swift in Sources */,
				65E888E92FB2610A007E10CE /* WorkspaceSection.swift in Sources */,
				C30000000000000000000038 /* WeekBars.swift in Sources */,
				C30000000000000000000039 /* DayProfile.swift in Sources */,
				C3000000000000000000003A /* ClientSwitcher.swift in Sources */,
				65E888EF2FB2610B007E10CE /* WorkspaceTabButton.swift in Sources */,
				C3000000000000000000003B /* AnalyticsAggregator.swift in Sources */,
				C30000000000000000000009 /* ProjectExportFileNaming.swift in Sources */,
				C3000000000000000000000A /* ProjectExportService.swift in Sources */,
			);
			runOnlyForDeploymentPostprocessing = 0;
		};
		658F65482F8404A10016E346 /* Sources */ = {
			isa = PBXSourcesBuildPhase;
			buildActionMask = 2147483647;
			files = (
			);
			runOnlyForDeploymentPostprocessing = 0;
		};
		658F65522F8404A10016E346 /* Sources */ = {
			isa = PBXSourcesBuildPhase;
			buildActionMask = 2147483647;
			files = (
			);
			runOnlyForDeploymentPostprocessing = 0;
		};
		E00000000000000000000002 /* Sources */ = {
			isa = PBXSourcesBuildPhase;
			buildActionMask = 2147483647;
			files = (
				A00000000000000000000006 /* ContentView.swift in Sources */,
				A00000000000000000000017 /* WorkspaceAnalyticsView.swift in Sources */,
				A0000000000000000000000A /* ManualSessionSheet.swift in Sources */,
				A0000000000000000000000B /* MenuBarTrackingView.swift in Sources */,
				A00000000000000000000008 /* NewProjectSheet.swift in Sources */,
				C20000000000000000000001 /* ClientProject.swift in Sources */,
				65317F312FB58F3A00E8C9E3 /* WorkspaceRootViewModel.swift in Sources */,
				C20000000000000000000040 /* ProjectCreationDraft.swift in Sources */,
				C20000000000000000000008 /* PlatformSummaryCard.swift in Sources */,
				C20000000000000000000020 /* Tokens.swift in Sources */,
				C20000000000000000000021 /* GlassCard.swift in Sources */,
				C20000000000000000000022 /* PillButton.swift in Sources */,
				65BE5A182FB5FCC300052284 /* ProjectDetailHeaderCard.swift in Sources */,
				65BE5A2A2FB5FD3800052284 /* ProjectDetailExportSheet.swift in Sources */,
				65E888EA2FB2610A007E10CE /* WorkspaceSection.swift in Sources */,
				C20000000000000000000023 /* ProjectColor.swift in Sources */,
				65317F342FB5924F00E8C9E3 /* WorkspaceTabBarView.swift in Sources */,
				65E888F82FB26121007E10CE /* ClientSectionHeader.swift in Sources */,
				65BE5A1E2FB5FCE300052284 /* ProjectDetailBillingCard.swift in Sources */,
				65317F3E2FB5926500E8C9E3 /* WorkspaceTrackingDetailView.swift in Sources */,
				C20000000000000000000024 /* AppearanceSettings.swift in Sources */,
				C20000000000000000000030 /* PulseDot.swift in Sources */,
				65E888F02FB2610B007E10CE /* WorkspaceTabButton.swift in Sources */,
				C20000000000000000000031 /* SectionCard.swift in Sources */,
				C20000000000000000000032 /* StatTile.swift in Sources */,
				C20000000000000000000033 /* SyncBanner.swift in Sources */,
				C20000000000000000000034 /* TimerHero.swift in Sources */,
				C20000000000000000000035 /* TaskRow.swift in Sources */,
				65317F632FB59AAA00E8C9E3 /* PreviewSampleData.swift in Sources */,
				C20000000000000000000036 /* EntryRow.swift in Sources */,
				65E888EC2FB2610A007E10CE /* WorkspaceRootLayoutRules.swift in Sources */,
				C20000000000000000000037 /* ProjectBar.swift in Sources */,
				65317F382FB5925000E8C9E3 /* WorkspaceSidebarView.swift in Sources */,
				65E888F52FB26121007E10CE /* SessionEditor.swift in Sources */,
				65BE5A1B2FB5FCCD00052284 /* ProjectDetailSummaryRow.swift in Sources */,
				65E888F32FB2610B007E10CE /* ClientGroup.swift in Sources */,
				C20000000000000000000038 /* WeekBars.swift in Sources */,
				C20000000000000000000039 /* DayProfile.swift in Sources */,
				C2000000000000000000003A /* ClientSwitcher.swift in Sources */,
				C2000000000000000000003B /* AnalyticsAggregator.swift in Sources */,
				65317F3A2FB5926400E8C9E3 /* WorkspaceDetailAreaView.swift in Sources */,
				A00000000000000000000015 /* ProjectExportService.swift in Sources */,
				C20000000000000000000002 /* ProjectTask.swift in Sources */,
				A00000000000000000000007 /* ProjectDetailView.swift in Sources */,
				65E888FE2FB26122007E10CE /* ActiveSidebarCard.swift in Sources */,
				A00000000000000000000018 /* ProjectDetailView+Logic.swift in Sources */,
				A00000000000000000000019 /* ProjectDetailComponents.swift in Sources */,
				653180382FB5F1DD00E8C9E3 /* ProjectDetailViewModel.swift in Sources */,
				A0000000000000000000001A /* MacRedesignedRootView.swift in Sources */,
				C20000000000000000000004 /* TrackingManager.swift in Sources */,
				65BE5A252FB5FD0B00052284 /* ProjectDetailSessionsCard.swift in Sources */,
				C20000000000000000000005 /* TrackingStatusStore.swift in Sources */,
				C20000000000000000000006 /* TimeFormatting.swift in Sources */,
				65BE5A212FB5FCFE00052284 /* ProjectDetailTasksCard.swift in Sources */,
				C20000000000000000000009 /* ProjectExportFileNaming.swift in Sources */,
				C20000000000000000000007 /* TimeTrackerSchema.swift in Sources */,
				65E888FB2FB26121007E10CE /* ProjectSidebarRow.swift in Sources */,
				A00000000000000000000001 /* TimeTrackerApp.swift in Sources */,
				C20000000000000000000003 /* WorkSession.swift in Sources */,
				65E889012FB26131007E10CE /* EmptyStateView.swift in Sources */,
				65BE5A272FB5FD2B00052284 /* ProjectDetailBudgetSheet.swift in Sources */,
			);
			runOnlyForDeploymentPostprocessing = 0;
		};
		E00000000000000000000005 /* Sources */ = {
			isa = PBXSourcesBuildPhase;
			buildActionMask = 2147483647;
			files = (
				A00000000000000000000012 /* ModelAndFormattingTests.swift in Sources */,
				A00000000000000000000013 /* TestSupport.swift in Sources */,
				A00000000000000000000011 /* TrackingManagerTests.swift in Sources */,
				65BE5A352FB5FD8500052284 /* ProjectDetailSessionsCardTests.swift in Sources */,
				65BE5A332FB5FD7E00052284 /* ProjectDetailBudgetSheetTests.swift in Sources */,
				65BE5A372FB5FD8E00052284 /* ProjectDetailExportSheetTests.swift in Sources */,
				65BE5A312FB5FD7700052284 /* ProjectDetailTasksCardTests.swift in Sources */,
				65BE5A2D2FB5FD6600052284 /* ProjectDetailHeaderCardTests.swift in Sources */,
				65F0C9E12FC95A6B0099A001 /* ViewPreviewCoverageTests.swift in Sources */,
				65BE5A2F2FB5FD6F00052284 /* ProjectDetailSummaryRowTests.swift in Sources */,
				65317F482FB5938500E8C9E3 /* ProjectDetailLogicTests.swift in Sources */,
				65317F9A2FB5F1B000E8C9E3 /* ManualSessionLogicTests.swift in Sources */,
			);
			runOnlyForDeploymentPostprocessing = 0;
		};
/* End PBXSourcesBuildPhase section */

/* Begin PBXTargetDependency section */
		658F654E2F8404A10016E346 /* PBXTargetDependency */ = {
			isa = PBXTargetDependency;
			target = 658F653F2F8404A00016E346 /* TimeTrackeriOS */;
			targetProxy = 658F654D2F8404A10016E346 /* PBXContainerItemProxy */;
		};
		658F65582F8404A10016E346 /* PBXTargetDependency */ = {
			isa = PBXTargetDependency;
			target = 658F653F2F8404A00016E346 /* TimeTrackeriOS */;
			targetProxy = 658F65572F8404A10016E346 /* PBXContainerItemProxy */;
		};
		C00000000000000000000011 /* PBXTargetDependency */ = {
			isa = PBXTargetDependency;
			target = E00000000000000000000001 /* TimeTracker */;
			targetProxy = C00000000000000000000010 /* PBXContainerItemProxy */;
		};
/* End PBXTargetDependency section */

/* Begin XCBuildConfiguration section */
		658F655F2F8404A10016E346 /* Debug */ = {
			isa = XCBuildConfiguration;
			buildSettings = {
				ASSETCATALOG_COMPILER_APPICON_NAME = AppIcon;
				ASSETCATALOG_COMPILER_GENERATE_SWIFT_ASSET_SYMBOL_EXTENSIONS = YES;
				ASSETCATALOG_COMPILER_GLOBAL_ACCENT_COLOR_NAME = AccentColor;
				CLANG_ANALYZER_NONNULL = YES;
				CLANG_ANALYZER_NUMBER_OBJECT_CONVERSION = YES_AGGRESSIVE;
				CLANG_CXX_LANGUAGE_STANDARD = "gnu++20";
				CLANG_ENABLE_OBJC_ARC = YES;
				CLANG_ENABLE_OBJC_WEAK = YES;
				CLANG_WARN_DIRECT_OBJC_ISA_USAGE = YES_ERROR;
				CLANG_WARN_DOCUMENTATION_COMMENTS = YES;
				CLANG_WARN_OBJC_ROOT_CLASS = YES_ERROR;
				CLANG_WARN_UNGUARDED_AVAILABILITY = YES_AGGRESSIVE;
				CODE_SIGN_ENTITLEMENTS = TimeTrackeriOS/TimeTrackeriOS.entitlements;
				CODE_SIGN_STYLE = Automatic;
				COPY_PHASE_STRIP = NO;
				CURRENT_PROJECT_VERSION = 1;
				DEBUG_INFORMATION_FORMAT = dwarf;
				DEVELOPMENT_TEAM = 9SHTE6GGFH;
				ENABLE_PREVIEWS = YES;
				GCC_C_LANGUAGE_STANDARD = gnu17;
				GCC_DYNAMIC_NO_PIC = NO;
				GCC_OPTIMIZATION_LEVEL = 0;
				GCC_PREPROCESSOR_DEFINITIONS = (
					"DEBUG=1",
					"$(inherited)",
				);
				GCC_WARN_ABOUT_RETURN_TYPE = YES_ERROR;
				GCC_WARN_UNINITIALIZED_AUTOS = YES_AGGRESSIVE;
				GENERATE_INFOPLIST_FILE = YES;
				INFOPLIST_FILE = TimeTrackeriOS/Info.plist;
				INFOPLIST_KEY_UIApplicationSceneManifest_Generation = YES;
				INFOPLIST_KEY_UIApplicationSupportsIndirectInputEvents = YES;
				INFOPLIST_KEY_UILaunchScreen_Generation = YES;
				INFOPLIST_KEY_UISupportedInterfaceOrientations = "UIInterfaceOrientationLandscapeRight UIInterfaceOrientationPortrait";
				INFOPLIST_KEY_UISupportedInterfaceOrientations_iPad = "UIInterfaceOrientationLandscapeLeft UIInterfaceOrientationLandscapeRight UIInterfaceOrientationPortrait UIInterfaceOrientationPortraitUpsideDown";
				IPHONEOS_DEPLOYMENT_TARGET = 26.4;
				LD_RUNPATH_SEARCH_PATHS = (
					"$(inherited)",
					"@executable_path/Frameworks",
				);
				LOCALIZATION_PREFERS_STRING_CATALOGS = YES;
				MARKETING_VERSION = 1.0;
				MTL_ENABLE_DEBUG_INFO = INCLUDE_SOURCE;
				MTL_FAST_MATH = YES;
				PRODUCT_BUNDLE_IDENTIFIER = de.bitsmaker.TimeTrackeriOS;
				PRODUCT_NAME = "$(TARGET_NAME)";
				SDKROOT = auto;
				STRING_CATALOG_GENERATE_SYMBOLS = YES;
				SUPPORTED_PLATFORMS = "iphoneos iphonesimulator xros xrsimulator";
				SUPPORTS_MACCATALYST = NO;
				SUPPORTS_MAC_DESIGNED_FOR_IPHONE_IPAD = NO;
				SUPPORTS_XR_DESIGNED_FOR_IPHONE_IPAD = YES;
				SWIFT_ACTIVE_COMPILATION_CONDITIONS = "DEBUG $(inherited)";
				SWIFT_APPROACHABLE_CONCURRENCY = YES;
				SWIFT_DEFAULT_ACTOR_ISOLATION = MainActor;
				SWIFT_EMIT_LOC_STRINGS = YES;
				SWIFT_OPTIMIZATION_LEVEL = "-Onone";
				SWIFT_UPCOMING_FEATURE_MEMBER_IMPORT_VISIBILITY = YES;
				SWIFT_VERSION = 5.0;
				TARGETED_DEVICE_FAMILY = "1,2,7";
				XROS_DEPLOYMENT_TARGET = 26.4;
			};
			name = Debug;
		};
		658F65602F8404A10016E346 /* Release */ = {
			isa = XCBuildConfiguration;
			buildSettings = {
				ASSETCATALOG_COMPILER_APPICON_NAME = AppIcon;
				ASSETCATALOG_COMPILER_GENERATE_SWIFT_ASSET_SYMBOL_EXTENSIONS = YES;
				ASSETCATALOG_COMPILER_GLOBAL_ACCENT_COLOR_NAME = AccentColor;
				CLANG_ANALYZER_NONNULL = YES;
				CLANG_ANALYZER_NUMBER_OBJECT_CONVERSION = YES_AGGRESSIVE;
				CLANG_CXX_LANGUAGE_STANDARD = "gnu++20";
				CLANG_ENABLE_OBJC_ARC = YES;
				CLANG_ENABLE_OBJC_WEAK = YES;
				CLANG_WARN_DIRECT_OBJC_ISA_USAGE = YES_ERROR;
				CLANG_WARN_DOCUMENTATION_COMMENTS = YES;
				CLANG_WARN_OBJC_ROOT_CLASS = YES_ERROR;
				CLANG_WARN_UNGUARDED_AVAILABILITY = YES_AGGRESSIVE;
				CODE_SIGN_ENTITLEMENTS = TimeTrackeriOS/TimeTrackeriOS.entitlements;
				CODE_SIGN_STYLE = Automatic;
				COPY_PHASE_STRIP = NO;
				CURRENT_PROJECT_VERSION = 1;
				DEBUG_INFORMATION_FORMAT = "dwarf-with-dsym";
				DEVELOPMENT_TEAM = 9SHTE6GGFH;
				ENABLE_NS_ASSERTIONS = NO;
				ENABLE_PREVIEWS = YES;
				GCC_C_LANGUAGE_STANDARD = gnu17;
				GCC_WARN_ABOUT_RETURN_TYPE = YES_ERROR;
				GCC_WARN_UNINITIALIZED_AUTOS = YES_AGGRESSIVE;
				GENERATE_INFOPLIST_FILE = YES;
				INFOPLIST_FILE = TimeTrackeriOS/Info.plist;
				INFOPLIST_KEY_UIApplicationSceneManifest_Generation = YES;
				INFOPLIST_KEY_UIApplicationSupportsIndirectInputEvents = YES;
				INFOPLIST_KEY_UILaunchScreen_Generation = YES;
				INFOPLIST_KEY_UISupportedInterfaceOrientations = "UIInterfaceOrientationLandscapeRight UIInterfaceOrientationPortrait";
				INFOPLIST_KEY_UISupportedInterfaceOrientations_iPad = "UIInterfaceOrientationLandscapeLeft UIInterfaceOrientationLandscapeRight UIInterfaceOrientationPortrait UIInterfaceOrientationPortraitUpsideDown";
				IPHONEOS_DEPLOYMENT_TARGET = 26.4;
				LD_RUNPATH_SEARCH_PATHS = (
					"$(inherited)",
					"@executable_path/Frameworks",
				);
				LOCALIZATION_PREFERS_STRING_CATALOGS = YES;
				MARKETING_VERSION = 1.0;
				MTL_ENABLE_DEBUG_INFO = NO;
				MTL_FAST_MATH = YES;
				PRODUCT_BUNDLE_IDENTIFIER = de.bitsmaker.TimeTrackeriOS;
				PRODUCT_NAME = "$(TARGET_NAME)";
				SDKROOT = auto;
				STRING_CATALOG_GENERATE_SYMBOLS = YES;
				SUPPORTED_PLATFORMS = "iphoneos iphonesimulator xros xrsimulator";
				SUPPORTS_MACCATALYST = NO;
				SUPPORTS_MAC_DESIGNED_FOR_IPHONE_IPAD = NO;
				SUPPORTS_XR_DESIGNED_FOR_IPHONE_IPAD = YES;
				SWIFT_APPROACHABLE_CONCURRENCY = YES;
				SWIFT_DEFAULT_ACTOR_ISOLATION = MainActor;
				SWIFT_EMIT_LOC_STRINGS = YES;
				SWIFT_UPCOMING_FEATURE_MEMBER_IMPORT_VISIBILITY = YES;
				SWIFT_VERSION = 5.0;
				TARGETED_DEVICE_FAMILY = "1,2,7";
				VALIDATE_PRODUCT = YES;
				XROS_DEPLOYMENT_TARGET = 26.4;
			};
			name = Release;
		};
		658F65622F8404A10016E346 /* Debug */ = {
			isa = XCBuildConfiguration;
			buildSettings = {
				ASSETCATALOG_COMPILER_GENERATE_SWIFT_ASSET_SYMBOL_EXTENSIONS = YES;
				BUNDLE_LOADER = "$(TEST_HOST)";
				CLANG_ANALYZER_NONNULL = YES;
				CLANG_ANALYZER_NUMBER_OBJECT_CONVERSION = YES_AGGRESSIVE;
				CLANG_CXX_LANGUAGE_STANDARD = "gnu++20";
				CLANG_ENABLE_OBJC_ARC = YES;
				CLANG_ENABLE_OBJC_WEAK = YES;
				CLANG_WARN_DIRECT_OBJC_ISA_USAGE = YES_ERROR;
				CLANG_WARN_DOCUMENTATION_COMMENTS = YES;
				CLANG_WARN_OBJC_ROOT_CLASS = YES_ERROR;
				CLANG_WARN_UNGUARDED_AVAILABILITY = YES_AGGRESSIVE;
				CODE_SIGN_STYLE = Automatic;
				COPY_PHASE_STRIP = NO;
				CURRENT_PROJECT_VERSION = 1;
				DEBUG_INFORMATION_FORMAT = dwarf;
				DEVELOPMENT_TEAM = 9SHTE6GGFH;
				GCC_C_LANGUAGE_STANDARD = gnu17;
				GCC_DYNAMIC_NO_PIC = NO;
				GCC_OPTIMIZATION_LEVEL = 0;
				GCC_PREPROCESSOR_DEFINITIONS = (
					"DEBUG=1",
					"$(inherited)",
				);
				GCC_WARN_ABOUT_RETURN_TYPE = YES_ERROR;
				GCC_WARN_UNINITIALIZED_AUTOS = YES_AGGRESSIVE;
				GENERATE_INFOPLIST_FILE = YES;
				IPHONEOS_DEPLOYMENT_TARGET = 26.4;
				LOCALIZATION_PREFERS_STRING_CATALOGS = YES;
				MARKETING_VERSION = 1.0;
				MTL_ENABLE_DEBUG_INFO = INCLUDE_SOURCE;
				MTL_FAST_MATH = YES;
				PRODUCT_BUNDLE_IDENTIFIER = de.bitsmaker.TimeTrackeriOSTests;
				PRODUCT_NAME = "$(TARGET_NAME)";
				SDKROOT = iphoneos;
				STRING_CATALOG_GENERATE_SYMBOLS = NO;
				SWIFT_ACTIVE_COMPILATION_CONDITIONS = "DEBUG $(inherited)";
				SWIFT_APPROACHABLE_CONCURRENCY = YES;
				SWIFT_EMIT_LOC_STRINGS = NO;
				SWIFT_OPTIMIZATION_LEVEL = "-Onone";
				SWIFT_UPCOMING_FEATURE_MEMBER_IMPORT_VISIBILITY = YES;
				SWIFT_VERSION = 5.0;
				TARGETED_DEVICE_FAMILY = "1,2";
				TEST_HOST = "$(BUILT_PRODUCTS_DIR)/TimeTrackeriOS.app/$(BUNDLE_EXECUTABLE_FOLDER_PATH)/TimeTrackeriOS";
			};
			name = Debug;
		};
		658F65632F8404A10016E346 /* Release */ = {
			isa = XCBuildConfiguration;
			buildSettings = {
				ASSETCATALOG_COMPILER_GENERATE_SWIFT_ASSET_SYMBOL_EXTENSIONS = YES;
				BUNDLE_LOADER = "$(TEST_HOST)";
				CLANG_ANALYZER_NONNULL = YES;
				CLANG_ANALYZER_NUMBER_OBJECT_CONVERSION = YES_AGGRESSIVE;
				CLANG_CXX_LANGUAGE_STANDARD = "gnu++20";
				CLANG_ENABLE_OBJC_ARC = YES;
				CLANG_ENABLE_OBJC_WEAK = YES;
				CLANG_WARN_DIRECT_OBJC_ISA_USAGE = YES_ERROR;
				CLANG_WARN_DOCUMENTATION_COMMENTS = YES;
				CLANG_WARN_OBJC_ROOT_CLASS = YES_ERROR;
				CLANG_WARN_UNGUARDED_AVAILABILITY = YES_AGGRESSIVE;
				CODE_SIGN_STYLE = Automatic;
				COPY_PHASE_STRIP = NO;
				CURRENT_PROJECT_VERSION = 1;
				DEBUG_INFORMATION_FORMAT = "dwarf-with-dsym";
				DEVELOPMENT_TEAM = 9SHTE6GGFH;
				ENABLE_NS_ASSERTIONS = NO;
				GCC_C_LANGUAGE_STANDARD = gnu17;
				GCC_WARN_ABOUT_RETURN_TYPE = YES_ERROR;
				GCC_WARN_UNINITIALIZED_AUTOS = YES_AGGRESSIVE;
				GENERATE_INFOPLIST_FILE = YES;
				IPHONEOS_DEPLOYMENT_TARGET = 26.4;
				LOCALIZATION_PREFERS_STRING_CATALOGS = YES;
				MARKETING_VERSION = 1.0;
				MTL_ENABLE_DEBUG_INFO = NO;
				MTL_FAST_MATH = YES;
				PRODUCT_BUNDLE_IDENTIFIER = de.bitsmaker.TimeTrackeriOSTests;
				PRODUCT_NAME = "$(TARGET_NAME)";
				SDKROOT = iphoneos;
				STRING_CATALOG_GENERATE_SYMBOLS = NO;
				SWIFT_APPROACHABLE_CONCURRENCY = YES;
				SWIFT_EMIT_LOC_STRINGS = NO;
				SWIFT_UPCOMING_FEATURE_MEMBER_IMPORT_VISIBILITY = YES;
				SWIFT_VERSION = 5.0;
				TARGETED_DEVICE_FAMILY = "1,2";
				TEST_HOST = "$(BUILT_PRODUCTS_DIR)/TimeTrackeriOS.app/$(BUNDLE_EXECUTABLE_FOLDER_PATH)/TimeTrackeriOS";
				VALIDATE_PRODUCT = YES;
			};
			name = Release;
		};
		658F65652F8404A10016E346 /* Debug */ = {
			isa = XCBuildConfiguration;
			buildSettings = {
				ASSETCATALOG_COMPILER_GENERATE_SWIFT_ASSET_SYMBOL_EXTENSIONS = YES;
				CLANG_ANALYZER_NONNULL = YES;
				CLANG_ANALYZER_NUMBER_OBJECT_CONVERSION = YES_AGGRESSIVE;
				CLANG_CXX_LANGUAGE_STANDARD = "gnu++20";
				CLANG_ENABLE_OBJC_ARC = YES;
				CLANG_ENABLE_OBJC_WEAK = YES;
				CLANG_WARN_DIRECT_OBJC_ISA_USAGE = YES_ERROR;
				CLANG_WARN_DOCUMENTATION_COMMENTS = YES;
				CLANG_WARN_OBJC_ROOT_CLASS = YES_ERROR;
				CLANG_WARN_UNGUARDED_AVAILABILITY = YES_AGGRESSIVE;
				CODE_SIGN_STYLE = Automatic;
				COPY_PHASE_STRIP = NO;
				CURRENT_PROJECT_VERSION = 1;
				DEBUG_INFORMATION_FORMAT = dwarf;
				DEVELOPMENT_TEAM = 9SHTE6GGFH;
				GCC_C_LANGUAGE_STANDARD = gnu17;
				GCC_DYNAMIC_NO_PIC = NO;
				GCC_OPTIMIZATION_LEVEL = 0;
				GCC_PREPROCESSOR_DEFINITIONS = (
					"DEBUG=1",
					"$(inherited)",
				);
				GCC_WARN_ABOUT_RETURN_TYPE = YES_ERROR;
				GCC_WARN_UNINITIALIZED_AUTOS = YES_AGGRESSIVE;
				GENERATE_INFOPLIST_FILE = YES;
				IPHONEOS_DEPLOYMENT_TARGET = 26.4;
				LOCALIZATION_PREFERS_STRING_CATALOGS = YES;
				MARKETING_VERSION = 1.0;
				MTL_ENABLE_DEBUG_INFO = INCLUDE_SOURCE;
				MTL_FAST_MATH = YES;
				PRODUCT_BUNDLE_IDENTIFIER = de.bitsmaker.TimeTrackeriOSUITests;
				PRODUCT_NAME = "$(TARGET_NAME)";
				SDKROOT = iphoneos;
				STRING_CATALOG_GENERATE_SYMBOLS = NO;
				SWIFT_ACTIVE_COMPILATION_CONDITIONS = "DEBUG $(inherited)";
				SWIFT_APPROACHABLE_CONCURRENCY = YES;
				SWIFT_EMIT_LOC_STRINGS = NO;
				SWIFT_OPTIMIZATION_LEVEL = "-Onone";
				SWIFT_UPCOMING_FEATURE_MEMBER_IMPORT_VISIBILITY = YES;
				SWIFT_VERSION = 5.0;
				TARGETED_DEVICE_FAMILY = "1,2";
				TEST_TARGET_NAME = TimeTrackeriOS;
			};
			name = Debug;
		};
		658F65662F8404A10016E346 /* Release */ = {
			isa = XCBuildConfiguration;
			buildSettings = {
				ASSETCATALOG_COMPILER_GENERATE_SWIFT_ASSET_SYMBOL_EXTENSIONS = YES;
				CLANG_ANALYZER_NONNULL = YES;
				CLANG_ANALYZER_NUMBER_OBJECT_CONVERSION = YES_AGGRESSIVE;
				CLANG_CXX_LANGUAGE_STANDARD = "gnu++20";
				CLANG_ENABLE_OBJC_ARC = YES;
				CLANG_ENABLE_OBJC_WEAK = YES;
				CLANG_WARN_DIRECT_OBJC_ISA_USAGE = YES_ERROR;
				CLANG_WARN_DOCUMENTATION_COMMENTS = YES;
				CLANG_WARN_OBJC_ROOT_CLASS = YES_ERROR;
				CLANG_WARN_UNGUARDED_AVAILABILITY = YES_AGGRESSIVE;
				CODE_SIGN_STYLE = Automatic;
				COPY_PHASE_STRIP = NO;
				CURRENT_PROJECT_VERSION = 1;
				DEBUG_INFORMATION_FORMAT = "dwarf-with-dsym";
				DEVELOPMENT_TEAM = 9SHTE6GGFH;
				ENABLE_NS_ASSERTIONS = NO;
				GCC_C_LANGUAGE_STANDARD = gnu17;
				GCC_WARN_ABOUT_RETURN_TYPE = YES_ERROR;
				GCC_WARN_UNINITIALIZED_AUTOS = YES_AGGRESSIVE;
				GENERATE_INFOPLIST_FILE = YES;
				IPHONEOS_DEPLOYMENT_TARGET = 26.4;
				LOCALIZATION_PREFERS_STRING_CATALOGS = YES;
				MARKETING_VERSION = 1.0;
				MTL_ENABLE_DEBUG_INFO = NO;
				MTL_FAST_MATH = YES;
				PRODUCT_BUNDLE_IDENTIFIER = de.bitsmaker.TimeTrackeriOSUITests;
				PRODUCT_NAME = "$(TARGET_NAME)";
				SDKROOT = iphoneos;
				STRING_CATALOG_GENERATE_SYMBOLS = NO;
				SWIFT_APPROACHABLE_CONCURRENCY = YES;
				SWIFT_EMIT_LOC_STRINGS = NO;
				SWIFT_UPCOMING_FEATURE_MEMBER_IMPORT_VISIBILITY = YES;
				SWIFT_VERSION = 5.0;
				TARGETED_DEVICE_FAMILY = "1,2";
				TEST_TARGET_NAME = TimeTrackeriOS;
				VALIDATE_PRODUCT = YES;
			};
			name = Release;
		};
		F00000000000000000000004 /* Debug */ = {
			isa = XCBuildConfiguration;
			buildSettings = {
				ALWAYS_SEARCH_USER_PATHS = NO;
				CLANG_ENABLE_MODULES = YES;
				CLANG_WARN_BLOCK_CAPTURE_AUTORELEASING = YES;
				CLANG_WARN_BOOL_CONVERSION = YES;
				CLANG_WARN_COMMA = YES;
				CLANG_WARN_CONSTANT_CONVERSION = YES;
				CLANG_WARN_DEPRECATED_OBJC_IMPLEMENTATIONS = YES;
				CLANG_WARN_EMPTY_BODY = YES;
				CLANG_WARN_ENUM_CONVERSION = YES;
				CLANG_WARN_INFINITE_RECURSION = YES;
				CLANG_WARN_INT_CONVERSION = YES;
				CLANG_WARN_NON_LITERAL_NULL_CONVERSION = YES;
				CLANG_WARN_OBJC_IMPLICIT_RETAIN_SELF = YES;
				CLANG_WARN_OBJC_LITERAL_CONVERSION = YES;
				CLANG_WARN_QUOTED_INCLUDE_IN_FRAMEWORK_HEADER = YES;
				CLANG_WARN_RANGE_LOOP_ANALYSIS = YES;
				CLANG_WARN_STRICT_PROTOTYPES = YES;
				CLANG_WARN_SUSPICIOUS_MOVE = YES;
				CLANG_WARN_UNREACHABLE_CODE = YES;
				CLANG_WARN__DUPLICATE_METHOD_MATCH = YES;
				DEAD_CODE_STRIPPING = YES;
				ENABLE_STRICT_OBJC_MSGSEND = YES;
				ENABLE_TESTABILITY = YES;
				ENABLE_USER_SCRIPT_SANDBOXING = YES;
				GCC_NO_COMMON_BLOCKS = YES;
				GCC_WARN_64_TO_32_BIT_CONVERSION = YES;
				GCC_WARN_ABOUT_RETURN_TYPE = YES;
				GCC_WARN_UNDECLARED_SELECTOR = YES;
				GCC_WARN_UNINITIALIZED_AUTOS = YES;
				GCC_WARN_UNUSED_FUNCTION = YES;
				GCC_WARN_UNUSED_VARIABLE = YES;
				MACOSX_DEPLOYMENT_TARGET = 14.0;
				ONLY_ACTIVE_ARCH = YES;
				SDKROOT = macosx;
				STRING_CATALOG_GENERATE_SYMBOLS = YES;
				SWIFT_VERSION = 6.0;
			};
			name = Debug;
		};
		F00000000000000000000005 /* Release */ = {
			isa = XCBuildConfiguration;
			buildSettings = {
				ALWAYS_SEARCH_USER_PATHS = NO;
				CLANG_ENABLE_MODULES = YES;
				CLANG_WARN_BLOCK_CAPTURE_AUTORELEASING = YES;
				CLANG_WARN_BOOL_CONVERSION = YES;
				CLANG_WARN_COMMA = YES;
				CLANG_WARN_CONSTANT_CONVERSION = YES;
				CLANG_WARN_DEPRECATED_OBJC_IMPLEMENTATIONS = YES;
				CLANG_WARN_EMPTY_BODY = YES;
				CLANG_WARN_ENUM_CONVERSION = YES;
				CLANG_WARN_INFINITE_RECURSION = YES;
				CLANG_WARN_INT_CONVERSION = YES;
				CLANG_WARN_NON_LITERAL_NULL_CONVERSION = YES;
				CLANG_WARN_OBJC_IMPLICIT_RETAIN_SELF = YES;
				CLANG_WARN_OBJC_LITERAL_CONVERSION = YES;
				CLANG_WARN_QUOTED_INCLUDE_IN_FRAMEWORK_HEADER = YES;
				CLANG_WARN_RANGE_LOOP_ANALYSIS = YES;
				CLANG_WARN_STRICT_PROTOTYPES = YES;
				CLANG_WARN_SUSPICIOUS_MOVE = YES;
				CLANG_WARN_UNREACHABLE_CODE = YES;
				CLANG_WARN__DUPLICATE_METHOD_MATCH = YES;
				DEAD_CODE_STRIPPING = YES;
				ENABLE_STRICT_OBJC_MSGSEND = YES;
				ENABLE_USER_SCRIPT_SANDBOXING = YES;
				GCC_NO_COMMON_BLOCKS = YES;
				GCC_WARN_64_TO_32_BIT_CONVERSION = YES;
				GCC_WARN_ABOUT_RETURN_TYPE = YES;
				GCC_WARN_UNDECLARED_SELECTOR = YES;
				GCC_WARN_UNINITIALIZED_AUTOS = YES;
				GCC_WARN_UNUSED_FUNCTION = YES;
				GCC_WARN_UNUSED_VARIABLE = YES;
				MACOSX_DEPLOYMENT_TARGET = 14.0;
				SDKROOT = macosx;
				STRING_CATALOG_GENERATE_SYMBOLS = YES;
				SWIFT_COMPILATION_MODE = wholemodule;
				SWIFT_VERSION = 6.0;
			};
			name = Release;
		};
		F00000000000000000000006 /* Debug */ = {
			isa = XCBuildConfiguration;
			buildSettings = {
				CLANG_ENABLE_MODULES = YES;
				CLANG_ENABLE_OBJC_WEAK = YES;
				CODE_SIGN_ENTITLEMENTS = TimeTracker/TimeTracker.entitlements;
				CODE_SIGN_STYLE = Automatic;
				CURRENT_PROJECT_VERSION = 1;
				DEAD_CODE_STRIPPING = YES;
				DEVELOPMENT_ASSET_PATHS = "";
				DEVELOPMENT_TEAM = 9SHTE6GGFH;
				ENABLE_APP_SANDBOX = YES;
				ENABLE_HARDENED_RUNTIME = YES;
				ENABLE_TESTABILITY = YES;
				GENERATE_INFOPLIST_FILE = YES;
				INFOPLIST_KEY_CFBundleDisplayName = TimeTracker;
				INFOPLIST_KEY_LSApplicationCategoryType = "public.app-category.business";
				LD_RUNPATH_SEARCH_PATHS = (
					"$(inherited)",
					"@executable_path/../Frameworks",
				);
				MACOSX_DEPLOYMENT_TARGET = 14.0;
				MARKETING_VERSION = 1.0;
				PRODUCT_BUNDLE_IDENTIFIER = de.bitsmaker.TimeTracker;
				PRODUCT_NAME = "$(TARGET_NAME)";
				SDKROOT = macosx;
				SWIFT_ACTIVE_COMPILATION_CONDITIONS = DEBUG;
				SWIFT_EMIT_LOC_STRINGS = YES;
				SWIFT_OPTIMIZATION_LEVEL = "-Onone";
				SWIFT_VERSION = 6.0;
			};
			name = Debug;
		};
		F00000000000000000000007 /* Release */ = {
			isa = XCBuildConfiguration;
			buildSettings = {
				CLANG_ENABLE_MODULES = YES;
				CLANG_ENABLE_OBJC_WEAK = YES;
				CODE_SIGN_ENTITLEMENTS = TimeTracker/TimeTracker.entitlements;
				CODE_SIGN_STYLE = Automatic;
				CURRENT_PROJECT_VERSION = 1;
				DEAD_CODE_STRIPPING = YES;
				DEVELOPMENT_ASSET_PATHS = "";
				DEVELOPMENT_TEAM = 9SHTE6GGFH;
				ENABLE_APP_SANDBOX = YES;
				ENABLE_HARDENED_RUNTIME = YES;
				GENERATE_INFOPLIST_FILE = YES;
				INFOPLIST_KEY_CFBundleDisplayName = TimeTracker;
				INFOPLIST_KEY_LSApplicationCategoryType = "public.app-category.business";
				LD_RUNPATH_SEARCH_PATHS = (
					"$(inherited)",
					"@executable_path/../Frameworks",
				);
				MACOSX_DEPLOYMENT_TARGET = 14.0;
				MARKETING_VERSION = 1.0;
				PRODUCT_BUNDLE_IDENTIFIER = de.bitsmaker.TimeTracker;
				PRODUCT_NAME = "$(TARGET_NAME)";
				SDKROOT = macosx;
				SWIFT_EMIT_LOC_STRINGS = YES;
				SWIFT_VERSION = 6.0;
			};
			name = Release;
		};
		F00000000000000000000009 /* Debug */ = {
			isa = XCBuildConfiguration;
			buildSettings = {
				BUNDLE_LOADER = "$(TEST_HOST)";
				CLANG_ENABLE_MODULES = YES;
				CLANG_ENABLE_OBJC_WEAK = YES;
				CODE_SIGN_STYLE = Automatic;
				DEAD_CODE_STRIPPING = YES;
				DEVELOPMENT_ASSET_PATHS = "";
				DEVELOPMENT_TEAM = 9SHTE6GGFH;
				ENABLE_TESTING_SEARCH_PATHS = YES;
				GENERATE_INFOPLIST_FILE = YES;
				LD_RUNPATH_SEARCH_PATHS = (
					"$(inherited)",
					"@loader_path/../Frameworks",
				);
				MACOSX_DEPLOYMENT_TARGET = 14.0;
				PRODUCT_BUNDLE_IDENTIFIER = com.andre.TimeTrackerTests;
				PRODUCT_NAME = "$(TARGET_NAME)";
				SDKROOT = macosx;
				SWIFT_ACTIVE_COMPILATION_CONDITIONS = DEBUG;
				SWIFT_EMIT_LOC_STRINGS = NO;
				SWIFT_OPTIMIZATION_LEVEL = "-Onone";
				SWIFT_VERSION = 6.0;
				TEST_HOST = "$(BUILT_PRODUCTS_DIR)/TimeTracker.app/Contents/MacOS/TimeTracker";
				TEST_TARGET_NAME = TimeTracker;
			};
			name = Debug;
		};
		F0000000000000000000000A /* Release */ = {
			isa = XCBuildConfiguration;
			buildSettings = {
				BUNDLE_LOADER = "$(TEST_HOST)";
				CLANG_ENABLE_MODULES = YES;
				CLANG_ENABLE_OBJC_WEAK = YES;
				CODE_SIGN_STYLE = Automatic;
				DEAD_CODE_STRIPPING = YES;
				DEVELOPMENT_ASSET_PATHS = "";
				DEVELOPMENT_TEAM = 9SHTE6GGFH;
				ENABLE_TESTING_SEARCH_PATHS = YES;
				GENERATE_INFOPLIST_FILE = YES;
				LD_RUNPATH_SEARCH_PATHS = (
					"$(inherited)",
					"@loader_path/../Frameworks",
				);
				MACOSX_DEPLOYMENT_TARGET = 14.0;
				PRODUCT_BUNDLE_IDENTIFIER = com.andre.TimeTrackerTests;
				PRODUCT_NAME = "$(TARGET_NAME)";
				SDKROOT = macosx;
				SWIFT_EMIT_LOC_STRINGS = NO;
				SWIFT_VERSION = 6.0;
				TEST_HOST = "$(BUILT_PRODUCTS_DIR)/TimeTracker.app/Contents/MacOS/TimeTracker";
				TEST_TARGET_NAME = TimeTracker;
			};
			name = Release;
		};
/* End XCBuildConfiguration section */

/* Begin XCConfigurationList section */
		658F655E2F8404A10016E346 /* Build configuration list for PBXNativeTarget "TimeTrackeriOS" */ = {
			isa = XCConfigurationList;
			buildConfigurations = (
				658F655F2F8404A10016E346 /* Debug */,
				658F65602F8404A10016E346 /* Release */,
			);
			defaultConfigurationIsVisible = 0;
			defaultConfigurationName = Release;
		};
		658F65612F8404A10016E346 /* Build configuration list for PBXNativeTarget "TimeTrackeriOSTests" */ = {
			isa = XCConfigurationList;
			buildConfigurations = (
				658F65622F8404A10016E346 /* Debug */,
				658F65632F8404A10016E346 /* Release */,
			);
			defaultConfigurationIsVisible = 0;
			defaultConfigurationName = Release;
		};
		658F65642F8404A10016E346 /* Build configuration list for PBXNativeTarget "TimeTrackeriOSUITests" */ = {
			isa = XCConfigurationList;
			buildConfigurations = (
				658F65652F8404A10016E346 /* Debug */,
				658F65662F8404A10016E346 /* Release */,
			);
			defaultConfigurationIsVisible = 0;
			defaultConfigurationName = Release;
		};
		F00000000000000000000002 /* Build configuration list for PBXNativeTarget "TimeTracker" */ = {
			isa = XCConfigurationList;
			buildConfigurations = (
				F00000000000000000000006 /* Debug */,
				F00000000000000000000007 /* Release */,
			);
			defaultConfigurationIsVisible = 0;
			defaultConfigurationName = Release;
		};
		F00000000000000000000003 /* Build configuration list for PBXProject "TimeTracker" */ = {
			isa = XCConfigurationList;
			buildConfigurations = (
				F00000000000000000000004 /* Debug */,
				F00000000000000000000005 /* Release */,
			);
			defaultConfigurationIsVisible = 0;
			defaultConfigurationName = Release;
		};
		F00000000000000000000008 /* Build configuration list for PBXNativeTarget "TimeTrackerTests" */ = {
			isa = XCConfigurationList;
			buildConfigurations = (
				F00000000000000000000009 /* Debug */,
				F0000000000000000000000A /* Release */,
			);
			defaultConfigurationIsVisible = 0;
			defaultConfigurationName = Release;
		};
/* End XCConfigurationList section */
	};
	rootObject = F00000000000000000000001 /* Project object */;
}
